// !$*UTF8*$!
{
	archiveVersion = 1;
	classes = {
	};
	objectVersion = 56;
	objects = {

/* Begin PBXBuildFile section */
		092FF65A152F0DD2AA4A5D3F /* Theme.swift in Sources */ = {isa = PBXBuildFile; fileRef = 82B16B8AB1D496163A53BC70 /* Theme.swift */; };
		1978834774FAD0687CBBA98C /* CatalogLoadingTests.swift in Sources */ = {isa = PBXBuildFile; fileRef = 7D4C2DC8D20F5D52E8548111 /* CatalogLoadingTests.swift */; };
		2B36F9A12F25873D0064518A /* AuthenticationService.swift in Sources */ = {isa = PBXBuildFile; fileRef = 2B36F99F2F25873D0064518A /* AuthenticationService.swift */; };
		2B36F9A32F25874B0064518A /* AccountSettingsView.swift in Sources */ = {isa = PBXBuildFile; fileRef = 2B36F9A22F25874B0064518A /* AccountSettingsView.swift */; };
		2B36F9A62F25875B0064518A /* UserProfile.swift in Sources */ = {isa = PBXBuildFile; fileRef = 2B36F9A42F25875B0064518A /* UserProfile.swift */; };
		2B36F9A92F2587640064518A /* PrivilegedHelper.swift in Sources */ = {isa = PBXBuildFile; fileRef = 2B36F9A72F2587640064518A /* PrivilegedHelper.swift */; };
		2B71CC302F25953500AF867B /* PermissionsSheet.swift in Sources */ = {isa = PBXBuildFile; fileRef = 2B71CC2F2F25953500AF867B /* PermissionsSheet.swift */; };
		2B71CC322F25955200AF867B /* PermissionsManager.swift in Sources */ = {isa = PBXBuildFile; fileRef = 2B71CC312F25955200AF867B /* PermissionsManager.swift */; };
		31D3D1F8A127E68E8C89FA84 /* StatusSection.swift in Sources */ = {isa = PBXBuildFile; fileRef = 9F128C84FC9CCFBBA9DE1B66 /* StatusSection.swift */; };
		3B14ACC06E218F931A6363CE /* ExecutionTests.swift in Sources */ = {isa = PBXBuildFile; fileRef = 3DE5357FC334C38717A1C468 /* ExecutionTests.swift */; };
		406F89DFEAC526E6B1DEFD48 /* Capability.swift in Sources */ = {isa = PBXBuildFile; fileRef = D8CD280168A0CF727792FCF8 /* Capability.swift */; };
		43F1679A9E659AB455D7EBCD /* OutputParsers.swift in Sources */ = {isa = PBXBuildFile; fileRef = 2540AEB61785EDD004DC4DB0 /* OutputParsers.swift */; };
		6AF176C503DEDA737885BC95 /* MenuBarContentView.swift in Sources */ = {isa = PBXBuildFile; fileRef = 511646081918B43EE53D707C /* MenuBarContentView.swift */; };
		894DC778B8FC1E34A271D911 /* UserExecutor.swift in Sources */ = {isa = PBXBuildFile; fileRef = B8C3079A26E1A5602B2FE9A6 /* UserExecutor.swift */; };
		A0CFED4CE4F4650BCF72853A /* ExecutionExample.swift in Sources */ = {isa = PBXBuildFile; fileRef = 65AE35A693D2D87AB4894067 /* ExecutionExample.swift */; };
		A1000001 /* CraigOTerminatorApp.swift in Sources */ = {isa = PBXBuildFile; fileRef = A2000001 /* CraigOTerminatorApp.swift */; };
		A1000002 /* AppState.swift in Sources */ = {isa = PBXBuildFile; fileRef = A2000002 /* AppState.swift */; };
		A1000003 /* ContentView.swift in Sources */ = {isa = PBXBuildFile; fileRef = A2000003 /* ContentView.swift */; };
		A1000004 /* DashboardView.swift in Sources */ = {isa = PBXBuildFile; fileRef = A2000004 /* DashboardView.swift */; };
		A1000005 /* CleanupView.swift in Sources */ = {isa = PBXBuildFile; fileRef = A2000005 /* CleanupView.swift */; };
		A1000006 /* BrowsersView.swift in Sources */ = {isa = PBXBuildFile; fileRef = A2000006 /* BrowsersView.swift */; };
		A1000007 /* ProcessesView.swift in Sources */ = {isa = PBXBuildFile; fileRef = A2000007 /* ProcessesView.swift */; };
		A1000008 /* DiagnosticsView.swift in Sources */ = {isa = PBXBuildFile; fileRef = A2000008 /* DiagnosticsView.swift */; };
		A1000009 /* AgentsView.swift in Sources */ = {isa = PBXBuildFile; fileRef = A2000009 /* AgentsView.swift */; };
		A1000010 /* SettingsView.swift in Sources */ = {isa = PBXBuildFile; fileRef = A2000010 /* SettingsView.swift */; };
		A1000011 /* AboutView.swift in Sources */ = {isa = PBXBuildFile; fileRef = A2000011 /* AboutView.swift */; };
		A1000012 /* MenuBarView.swift in Sources */ = {isa = PBXBuildFile; fileRef = A2000012 /* MenuBarView.swift */; };
		A1000013 /* CommandExecutor.swift in Sources */ = {isa = PBXBuildFile; fileRef = A2000013 /* CommandExecutor.swift */; };
		A1000014 /* Assets.xcassets in Resources */ = {isa = PBXBuildFile; fileRef = A2000014 /* Assets.xcassets */; };
		A1000015 /* PermissionMonitor.swift in Sources */ = {isa = PBXBuildFile; fileRef = A2000017 /* PermissionMonitor.swift */; };
		A1000016 /* ProcessMonitorService.swift in Sources */ = {isa = PBXBuildFile; fileRef = A2000018 /* ProcessMonitorService.swift */; };
		A1000017 /* BrowserTabListView.swift in Sources */ = {isa = PBXBuildFile; fileRef = A2000019 /* BrowserTabListView.swift */; };
		A1000018 /* BrowserTab.swift in Sources */ = {isa = PBXBuildFile; fileRef = A2000020 /* BrowserTab.swift */; };
		A1000019 /* HealthCheckService.swift in Sources */ = {isa = PBXBuildFile; fileRef = A2000021 /* HealthCheckService.swift */; };
		A1000020 /* HealthCheckWindow.swift in Sources */ = {isa = PBXBuildFile; fileRef = A2000022 /* HealthCheckWindow.swift */; };
		A9D9C5AEFFD647BFAE392F15 /* RunRecord.swift in Sources */ = {isa = PBXBuildFile; fileRef = E882293745A2206CEC09CF41 /* RunRecord.swift */; };
		C67225B212A818ACAF0E40CB /* ProcessRunner.swift in Sources */ = {isa = PBXBuildFile; fileRef = E036ADBFF320AF4122ED188E /* ProcessRunner.swift */; };
		E4D514878EAB63B6CDED32B5 /* CapabilityCatalog.swift in Sources */ = {isa = PBXBuildFile; fileRef = 39976B0C295F0722374D4359 /* CapabilityCatalog.swift */; };
		FFA6AB932002F61B01898FE4 /* SQLiteLogStore.swift in Sources */ = {isa = PBXBuildFile; fileRef = 0B9F4AF6FA1ECC0A1B98C6C5 /* SQLiteLogStore.swift */; };
/* End PBXBuildFile section */

/* Begin PBXFileReference section */
		0B9F4AF6FA1ECC0A1B98C6C5 /* SQLiteLogStore.swift */ = {isa = PBXFileReference; includeInIndex = 1; lastKnownFileType = sourcecode.swift; path = SQLiteLogStore.swift; sourceTree = "<group>"; };
		2540AEB61785EDD004DC4DB0 /* OutputParsers.swift */ = {isa = PBXFileReference; includeInIndex = 1; lastKnownFileType = sourcecode.swift; path = OutputParsers.swift; sourceTree = "<group>"; };
		2B36F99F2F25873D0064518A /* AuthenticationService.swift */ = {isa = PBXFileReference; lastKnownFileType = sourcecode.swift; path = AuthenticationService.swift; sourceTree = "<group>"; };
		2B36F9A22F25874B0064518A /* AccountSettingsView.swift */ = {isa = PBXFileReference; lastKnownFileType = sourcecode.swift; path = AccountSettingsView.swift; sourceTree = "<group>"; };
		2B36F9A42F25875B0064518A /* UserProfile.swift */ = {isa = PBXFileReference; lastKnownFileType = sourcecode.swift; path = UserProfile.swift; sourceTree = "<group>"; };
		2B36F9A72F2587640064518A /* PrivilegedHelper.swift */ = {isa = PBXFileReference; lastKnownFileType = sourcecode.swift; path = PrivilegedHelper.swift; sourceTree = "<group>"; };
		2B71CC2F2F25953500AF867B /* PermissionsSheet.swift */ = {isa = PBXFileReference; lastKnownFileType = sourcecode.swift; path = PermissionsSheet.swift; sourceTree = "<group>"; };
		2B71CC312F25955200AF867B /* PermissionsManager.swift */ = {isa = PBXFileReference; lastKnownFileType = sourcecode.swift; path = PermissionsManager.swift; sourceTree = "<group>"; };
		39976B0C295F0722374D4359 /* CapabilityCatalog.swift */ = {isa = PBXFileReference; includeInIndex = 1; lastKnownFileType = sourcecode.swift; path = CapabilityCatalog.swift; sourceTree = "<group>"; };
		3DE5357FC334C38717A1C468 /* ExecutionTests.swift */ = {isa = PBXFileReference; includeInIndex = 1; lastKnownFileType = sourcecode.swift; path = ExecutionTests.swift; sourceTree = "<group>"; };
		511646081918B43EE53D707C /* MenuBarContentView.swift */ = {isa = PBXFileReference; includeInIndex = 1; lastKnownFileType = sourcecode.swift; path = MenuBarContentView.swift; sourceTree = "<group>"; };
		65AE35A693D2D87AB4894067 /* ExecutionExample.swift */ = {isa = PBXFileReference; includeInIndex = 1; lastKnownFileType = sourcecode.swift; path = ExecutionExample.swift; sourceTree = "<group>"; };
		7D4C2DC8D20F5D52E8548111 /* CatalogLoadingTests.swift */ = {isa = PBXFileReference; includeInIndex = 1; lastKnownFileType = sourcecode.swift; path = CatalogLoadingTests.swift; sourceTree = "<group>"; };
		82B16B8AB1D496163A53BC70 /* Theme.swift */ = {isa = PBXFileReference; includeInIndex = 1; lastKnownFileType = sourcecode.swift; path = Theme.swift; sourceTree = "<group>"; };
		9F128C84FC9CCFBBA9DE1B66 /* StatusSection.swift */ = {isa = PBXFileReference; includeInIndex = 1; lastKnownFileType = sourcecode.swift; path = StatusSection.swift; sourceTree = "<group>"; };
		A2000001 /* CraigOTerminatorApp.swift */ = {isa = PBXFileReference; lastKnownFileType = sourcecode.swift; path = CraigOTerminatorApp.swift; sourceTree = "<group>"; };
		A2000002 /* AppState.swift */ = {isa = PBXFileReference; lastKnownFileType = sourcecode.swift; path = AppState.swift; sourceTree = "<group>"; };
		A2000003 /* ContentView.swift */ = {isa = PBXFileReference; lastKnownFileType = sourcecode.swift; path = ContentView.swift; sourceTree = "<group>"; };
		A2000004 /* DashboardView.swift */ = {isa = PBXFileReference; lastKnownFileType = sourcecode.swift; path = DashboardView.swift; sourceTree = "<group>"; };
		A2000005 /* CleanupView.swift */ = {isa = PBXFileReference; lastKnownFileType = sourcecode.swift; path = CleanupView.swift; sourceTree = "<group>"; };
		A2000006 /* BrowsersView.swift */ = {isa = PBXFileReference; lastKnownFileType = sourcecode.swift; path = BrowsersView.swift; sourceTree = "<group>"; };
		A2000007 /* ProcessesView.swift */ = {isa = PBXFileReference; lastKnownFileType = sourcecode.swift; path = ProcessesView.swift; sourceTree = "<group>"; };
		A2000008 /* DiagnosticsView.swift */ = {isa = PBXFileReference; lastKnownFileType = sourcecode.swift; path = DiagnosticsView.swift; sourceTree = "<group>"; };
		A2000009 /* AgentsView.swift */ = {isa = PBXFileReference; lastKnownFileType = sourcecode.swift; path = AgentsView.swift; sourceTree = "<group>"; };
		A2000010 /* SettingsView.swift */ = {isa = PBXFileReference; lastKnownFileType = sourcecode.swift; path = SettingsView.swift; sourceTree = "<group>"; };
		A2000011 /* AboutView.swift */ = {isa = PBXFileReference; lastKnownFileType = sourcecode.swift; path = AboutView.swift; sourceTree = "<group>"; };
		A2000012 /* MenuBarView.swift */ = {isa = PBXFileReference; lastKnownFileType = sourcecode.swift; path = MenuBarView.swift; sourceTree = "<group>"; };
		A2000013 /* CommandExecutor.swift */ = {isa = PBXFileReference; lastKnownFileType = sourcecode.swift; path = CommandExecutor.swift; sourceTree = "<group>"; };
		A2000014 /* Assets.xcassets */ = {isa = PBXFileReference; lastKnownFileType = folder.assetcatalog; path = Assets.xcassets; sourceTree = "<group>"; };
		A2000015 /* Info.plist */ = {isa = PBXFileReference; lastKnownFileType = text.plist.xml; path = Info.plist; sourceTree = "<group>"; };
		A2000016 /* CraigOTerminator.entitlements */ = {isa = PBXFileReference; lastKnownFileType = text.plist.entitlements; path = CraigOTerminator.entitlements; sourceTree = "<group>"; };
		A2000017 /* PermissionMonitor.swift */ = {isa = PBXFileReference; lastKnownFileType = sourcecode.swift; path = PermissionMonitor.swift; sourceTree = "<group>"; };
		A2000018 /* ProcessMonitorService.swift */ = {isa = PBXFileReference; lastKnownFileType = sourcecode.swift; path = ProcessMonitorService.swift; sourceTree = "<group>"; };
		A2000019 /* BrowserTabListView.swift */ = {isa = PBXFileReference; lastKnownFileType = sourcecode.swift; path = BrowserTabListView.swift; sourceTree = "<group>"; };
		A2000020 /* BrowserTab.swift */ = {isa = PBXFileReference; lastKnownFileType = sourcecode.swift; path = BrowserTab.swift; sourceTree = "<group>"; };
		A2000021 /* HealthCheckService.swift */ = {isa = PBXFileReference; lastKnownFileType = sourcecode.swift; path = HealthCheckService.swift; sourceTree = "<group>"; };
		A2000022 /* HealthCheckWindow.swift */ = {isa = PBXFileReference; lastKnownFileType = sourcecode.swift; path = HealthCheckWindow.swift; sourceTree = "<group>"; };
		A3000001 /* CraigOTerminator.app */ = {isa = PBXFileReference; explicitFileType = wrapper.application; includeInIndex = 0; path = CraigOTerminator.app; sourceTree = BUILT_PRODUCTS_DIR; };
		B8C3079A26E1A5602B2FE9A6 /* UserExecutor.swift */ = {isa = PBXFileReference; includeInIndex = 1; lastKnownFileType = sourcecode.swift; path = UserExecutor.swift; sourceTree = "<group>"; };
		D8CD280168A0CF727792FCF8 /* Capability.swift */ = {isa = PBXFileReference; includeInIndex = 1; lastKnownFileType = sourcecode.swift; path = Capability.swift; sourceTree = "<group>"; };
		E036ADBFF320AF4122ED188E /* ProcessRunner.swift */ = {isa = PBXFileReference; includeInIndex = 1; lastKnownFileType = sourcecode.swift; path = ProcessRunner.swift; sourceTree = "<group>"; };
		E882293745A2206CEC09CF41 /* RunRecord.swift */ = {isa = PBXFileReference; includeInIndex = 1; lastKnownFileType = sourcecode.swift; path = RunRecord.swift; sourceTree = "<group>"; };
/* End PBXFileReference section */

/* Begin PBXFrameworksBuildPhase section */
		A4000001 /* Frameworks */ = {
			isa = PBXFrameworksBuildPhase;
			buildActionMask = 2147483647;
			files = (
			);
			runOnlyForDeploymentPostprocessing = 0;
		};
/* End PBXFrameworksBuildPhase section */

/* Begin PBXGroup section */
		07AD2C3666F92CEEE596C9C1 /* Execution */ = {
			isa = PBXGroup;
			children = (
				65AE35A693D2D87AB4894067 /* ExecutionExample.swift */,
				2540AEB61785EDD004DC4DB0 /* OutputParsers.swift */,
				E036ADBFF320AF4122ED188E /* ProcessRunner.swift */,
				B8C3079A26E1A5602B2FE9A6 /* UserExecutor.swift */,
			);
			name = Execution;
			path = Execution;
			sourceTree = "<group>";
		};
		2B36F9A02F25873D0064518A /* Services */ = {
			isa = PBXGroup;
			children = (
				2B36F99F2F25873D0064518A /* AuthenticationService.swift */,
			);
			path = Services;
			sourceTree = "<group>";
		};
		2B36F9A52F25875B0064518A /* Models */ = {
			isa = PBXGroup;
			children = (
				2B36F9A42F25875B0064518A /* UserProfile.swift */,
				A2000020 /* BrowserTab.swift */,
			);
			path = Models;
			sourceTree = "<group>";
		};
		2B36F9A82F2587640064518A /* Helper */ = {
			isa = PBXGroup;
			children = (
				2B36F9A72F2587640064518A /* PrivilegedHelper.swift */,
			);
			path = Helper;
			sourceTree = "<group>";
		};
		63F9E051F923B380C2ECA825 /* Logging */ = {
			isa = PBXGroup;
			children = (
				E882293745A2206CEC09CF41 /* RunRecord.swift */,
				0B9F4AF6FA1ECC0A1B98C6C5 /* SQLiteLogStore.swift */,
			);
			name = Logging;
			path = Logging;
			sourceTree = "<group>";
		};
		9C9C9207598750BB96624E32 /* Tests */ = {
			isa = PBXGroup;
			children = (
				C5F8360D4CF031B538A18001 /* CapabilityTests */,
				D349670BCF809039FF0C4C7B /* ExecutionTests */,
			);
			name = Tests;
			path = Tests;
			sourceTree = "<group>";
		};
		A5000001 = {
			isa = PBXGroup;
			children = (
				A5000002 /* CraigOTerminator */,
				A5000003 /* Products */,
			);
			sourceTree = "<group>";
		};
		A5000002 /* CraigOTerminator */ = {
			isa = PBXGroup;
			children = (
				A5000004 /* App */,
				A2000014 /* Assets.xcassets */,
				A5000007 /* Core */,
				A2000016 /* CraigOTerminator.entitlements */,
				2B36F9A82F2587640064518A /* Helper */,
				A2000015 /* Info.plist */,
				2B36F9A52F25875B0064518A /* Models */,
				2B36F9A02F25873D0064518A /* Services */,
				A5000006 /* ViewModels */,
				A5000005 /* Views */,
				511646081918B43EE53D707C /* MenuBarContentView.swift */,
				9F128C84FC9CCFBBA9DE1B66 /* StatusSection.swift */,
				9C9C9207598750BB96624E32 /* Tests */,
				82B16B8AB1D496163A53BC70 /* Theme.swift */,
			);
			path = CraigOTerminator;
			sourceTree = "<group>";
		};
		A5000003 /* Products */ = {
			isa = PBXGroup;
			children = (
				A3000001 /* CraigOTerminator.app */,
			);
			name = Products;
			sourceTree = "<group>";
		};
		A5000004 /* App */ = {
			isa = PBXGroup;
			children = (
				A2000001 /* CraigOTerminatorApp.swift */,
			);
			path = App;
			sourceTree = "<group>";
		};
		A5000005 /* Views */ = {
			isa = PBXGroup;
			children = (
				2B71CC2F2F25953500AF867B /* PermissionsSheet.swift */,
				2B36F9A22F25874B0064518A /* AccountSettingsView.swift */,
				A2000003 /* ContentView.swift */,
				A2000004 /* DashboardView.swift */,
				A2000005 /* CleanupView.swift */,
				A2000006 /* BrowsersView.swift */,
				A2000019 /* BrowserTabListView.swift */,
				A2000007 /* ProcessesView.swift */,
				A2000008 /* DiagnosticsView.swift */,
				A2000009 /* AgentsView.swift */,
				A2000010 /* SettingsView.swift */,
				A2000011 /* AboutView.swift */,
				A2000012 /* MenuBarView.swift */,
				A2000022 /* HealthCheckWindow.swift */,
			);
			path = Views;
			sourceTree = "<group>";
		};
		A5000006 /* ViewModels */ = {
			isa = PBXGroup;
			children = (
				A2000002 /* AppState.swift */,
			);
			path = ViewModels;
			sourceTree = "<group>";
		};
		A5000007 /* Core */ = {
			isa = PBXGroup;
			children = (
				2B71CC312F25955200AF867B /* PermissionsManager.swift */,
				A2000017 /* PermissionMonitor.swift */,
				A2000018 /* ProcessMonitorService.swift */,
				A2000021 /* HealthCheckService.swift */,
				A2000013 /* CommandExecutor.swift */,
				D8CD280168A0CF727792FCF8 /* Capability.swift */,
				39976B0C295F0722374D4359 /* CapabilityCatalog.swift */,
				07AD2C3666F92CEEE596C9C1 /* Execution */,
				63F9E051F923B380C2ECA825 /* Logging */,
			);
			path = Core;
			sourceTree = "<group>";
		};
		C5F8360D4CF031B538A18001 /* CapabilityTests */ = {
			isa = PBXGroup;
			children = (
				7D4C2DC8D20F5D52E8548111 /* CatalogLoadingTests.swift */,
			);
			name = CapabilityTests;
			path = CapabilityTests;
			sourceTree = "<group>";
		};
		D349670BCF809039FF0C4C7B /* ExecutionTests */ = {
			isa = PBXGroup;
			children = (
				3DE5357FC334C38717A1C468 /* ExecutionTests.swift */,
			);
			name = ExecutionTests;
			path = ExecutionTests;
			sourceTree = "<group>";
		};
/* End PBXGroup section */

/* Begin PBXNativeTarget section */
		A6000001 /* CraigOTerminator */ = {
			isa = PBXNativeTarget;
			buildConfigurationList = A7000003 /* Build configuration list for PBXNativeTarget "CraigOTerminator" */;
			buildPhases = (
				A4000002 /* Sources */,
				A4000001 /* Frameworks */,
				A4000003 /* Resources */,
			);
			buildRules = (
			);
			dependencies = (
			);
			name = CraigOTerminator;
			productName = CraigOTerminator;
			productReference = A3000001 /* CraigOTerminator.app */;
			productType = "com.apple.product-type.application";
		};
/* End PBXNativeTarget section */

/* Begin PBXProject section */
		A8000001 /* Project object */ = {
			isa = PBXProject;
			attributes = {
				BuildIndependentTargetsInParallel = 1;
				LastSwiftUpdateCheck = 1500;
				LastUpgradeCheck = 2620;
				TargetAttributes = {
					A6000001 = {
						CreatedOnToolsVersion = 15.0;
					};
				};
			};
			buildConfigurationList = A7000001 /* Build configuration list for PBXProject "CraigOTerminator" */;
			compatibilityVersion = "Xcode 14.0";
			developmentRegion = en;
			hasScannedForEncodings = 0;
			knownRegions = (
				en,
				Base,
			);
			mainGroup = A5000001;
			productRefGroup = A5000003 /* Products */;
			projectDirPath = "";
			projectRoot = "";
			targets = (
				A6000001 /* CraigOTerminator */,
			);
		};
/* End PBXProject section */

/* Begin PBXResourcesBuildPhase section */
		A4000003 /* Resources */ = {
			isa = PBXResourcesBuildPhase;
			buildActionMask = 2147483647;
			files = (
				A1000014 /* Assets.xcassets in Resources */,
			);
			runOnlyForDeploymentPostprocessing = 0;
		};
/* End PBXResourcesBuildPhase section */

/* Begin PBXSourcesBuildPhase section */
		A4000002 /* Sources */ = {
			isa = PBXSourcesBuildPhase;
			buildActionMask = 2147483647;
			files = (
				2B71CC322F25955200AF867B /* PermissionsManager.swift in Sources */,
				2B36F9A92F2587640064518A /* PrivilegedHelper.swift in Sources */,
				A1000001 /* CraigOTerminatorApp.swift in Sources */,
				A1000002 /* AppState.swift in Sources */,
				A1000003 /* ContentView.swift in Sources */,
				A1000004 /* DashboardView.swift in Sources */,
				2B36F9A32F25874B0064518A /* AccountSettingsView.swift in Sources */,
				A1000005 /* CleanupView.swift in Sources */,
				A1000006 /* BrowsersView.swift in Sources */,
				A1000007 /* ProcessesView.swift in Sources */,
				A1000008 /* DiagnosticsView.swift in Sources */,
				A1000009 /* AgentsView.swift in Sources */,
				A1000010 /* SettingsView.swift in Sources */,
				2B71CC302F25953500AF867B /* PermissionsSheet.swift in Sources */,
				A1000011 /* AboutView.swift in Sources */,
				2B36F9A62F25875B0064518A /* UserProfile.swift in Sources */,
				A1000012 /* MenuBarView.swift in Sources */,
				A1000013 /* CommandExecutor.swift in Sources */,
				A1000015 /* PermissionMonitor.swift in Sources */,
				A1000016 /* ProcessMonitorService.swift in Sources */,
				A1000017 /* BrowserTabListView.swift in Sources */,
				A1000018 /* BrowserTab.swift in Sources */,
				A1000019 /* HealthCheckService.swift in Sources */,
				A1000020 /* HealthCheckWindow.swift in Sources */,
				2B36F9A12F25873D0064518A /* AuthenticationService.swift in Sources */,
				406F89DFEAC526E6B1DEFD48 /* Capability.swift in Sources */,
				E4D514878EAB63B6CDED32B5 /* CapabilityCatalog.swift in Sources */,
				A0CFED4CE4F4650BCF72853A /* ExecutionExample.swift in Sources */,
				43F1679A9E659AB455D7EBCD /* OutputParsers.swift in Sources */,
				C67225B212A818ACAF0E40CB /* ProcessRunner.swift in Sources */,
				894DC778B8FC1E34A271D911 /* UserExecutor.swift in Sources */,
				A9D9C5AEFFD647BFAE392F15 /* RunRecord.swift in Sources */,
				FFA6AB932002F61B01898FE4 /* SQLiteLogStore.swift in Sources */,
				6AF176C503DEDA737885BC95 /* MenuBarContentView.swift in Sources */,
				31D3D1F8A127E68E8C89FA84 /* StatusSection.swift in Sources */,
				1978834774FAD0687CBBA98C /* CatalogLoadingTests.swift in Sources */,
				3B14ACC06E218F931A6363CE /* ExecutionTests.swift in Sources */,
				092FF65A152F0DD2AA4A5D3F /* Theme.swift in Sources */,
			);
			runOnlyForDeploymentPostprocessing = 0;
		};
/* End PBXSourcesBuildPhase section */

/* Begin XCBuildConfiguration section */
		A9000001 /* Debug */ = {
			isa = XCBuildConfiguration;
			buildSettings = {
				ALWAYS_SEARCH_USER_PATHS = NO;
				ASSETCATALOG_COMPILER_GENERATE_SWIFT_ASSET_SYMBOL_EXTENSIONS = YES;
				CLANG_ANALYZER_NONNULL = YES;
				CLANG_ANALYZER_NUMBER_OBJECT_CONVERSION = YES_AGGRESSIVE;
				CLANG_CXX_LANGUAGE_STANDARD = "gnu++20";
				CLANG_ENABLE_MODULES = YES;
				CLANG_ENABLE_OBJC_ARC = YES;
				CLANG_ENABLE_OBJC_WEAK = YES;
				CLANG_WARN_BLOCK_CAPTURE_AUTORELEASING = YES;
				CLANG_WARN_BOOL_CONVERSION = YES;
				CLANG_WARN_COMMA = YES;
				CLANG_WARN_CONSTANT_CONVERSION = YES;
				CLANG_WARN_DEPRECATED_OBJC_IMPLEMENTATIONS = YES;
				CLANG_WARN_DIRECT_OBJC_ISA_USAGE = YES_ERROR;
				CLANG_WARN_DOCUMENTATION_COMMENTS = YES;
				CLANG_WARN_EMPTY_BODY = YES;
				CLANG_WARN_ENUM_CONVERSION = YES;
				CLANG_WARN_INFINITE_RECURSION = YES;
				CLANG_WARN_INT_CONVERSION = YES;
				CLANG_WARN_NON_LITERAL_NULL_CONVERSION = YES;
				CLANG_WARN_OBJC_IMPLICIT_RETAIN_SELF = YES;
				CLANG_WARN_OBJC_LITERAL_CONVERSION = YES;
				CLANG_WARN_OBJC_ROOT_CLASS = YES_ERROR;
				CLANG_WARN_QUOTED_INCLUDE_IN_FRAMEWORK_HEADER = YES;
				CLANG_WARN_RANGE_LOOP_ANALYSIS = YES;
				CLANG_WARN_STRICT_PROTOTYPES = YES;
				CLANG_WARN_SUSPICIOUS_MOVE = YES;
				CLANG_WARN_UNGUARDED_AVAILABILITY = YES_AGGRESSIVE;
				CLANG_WARN_UNREACHABLE_CODE = YES;
				CLANG_WARN__DUPLICATE_METHOD_MATCH = YES;
				COPY_PHASE_STRIP = NO;
				DEAD_CODE_STRIPPING = YES;
				DEBUG_INFORMATION_FORMAT = dwarf;
				DEVELOPMENT_TEAM = K36LFHM32T;
				ENABLE_STRICT_OBJC_MSGSEND = YES;
				ENABLE_TESTABILITY = YES;
				ENABLE_USER_SCRIPT_SANDBOXING = YES;
				GCC_C_LANGUAGE_STANDARD = gnu17;
				GCC_DYNAMIC_NO_PIC = NO;
				GCC_NO_COMMON_BLOCKS = YES;
				GCC_OPTIMIZATION_LEVEL = 0;
				GCC_PREPROCESSOR_DEFINITIONS = (
					"DEBUG=1",
					"$(inherited)",
				);
				GCC_WARN_64_TO_32_BIT_CONVERSION = YES;
				GCC_WARN_ABOUT_RETURN_TYPE = YES_ERROR;
				GCC_WARN_UNDECLARED_SELECTOR = YES;
				GCC_WARN_UNINITIALIZED_AUTOS = YES_AGGRESSIVE;
				GCC_WARN_UNUSED_FUNCTION = YES;
				GCC_WARN_UNUSED_VARIABLE = YES;
				LOCALIZATION_PREFERS_STRING_CATALOGS = YES;
				MACOSX_DEPLOYMENT_TARGET = 14.0;
				MTL_ENABLE_DEBUG_INFO = INCLUDE_SOURCE;
				MTL_FAST_MATH = YES;
				ONLY_ACTIVE_ARCH = YES;
				SDKROOT = macosx;
				STRING_CATALOG_GENERATE_SYMBOLS = YES;
				SWIFT_ACTIVE_COMPILATION_CONDITIONS = "DEBUG $(inherited)";
				SWIFT_OPTIMIZATION_LEVEL = "-Onone";
			};
			name = Debug;
		};
		A9000002 /* Release */ = {
			isa = XCBuildConfiguration;
			buildSettings = {
				ALWAYS_SEARCH_USER_PATHS = NO;
				ASSETCATALOG_COMPILER_GENERATE_SWIFT_ASSET_SYMBOL_EXTENSIONS = YES;
				CLANG_ANALYZER_NONNULL = YES;
				CLANG_ANALYZER_NUMBER_OBJECT_CONVERSION = YES_AGGRESSIVE;
				CLANG_CXX_LANGUAGE_STANDARD = "gnu++20";
				CLANG_ENABLE_MODULES = YES;
				CLANG_ENABLE_OBJC_ARC = YES;
				CLANG_ENABLE_OBJC_WEAK = YES;
				CLANG_WARN_BLOCK_CAPTURE_AUTORELEASING = YES;
				CLANG_WARN_BOOL_CONVERSION = YES;
				CLANG_WARN_COMMA = YES;
				CLANG_WARN_CONSTANT_CONVERSION = YES;
				CLANG_WARN_DEPRECATED_OBJC_IMPLEMENTATIONS = YES;
				CLANG_WARN_DIRECT_OBJC_ISA_USAGE = YES_ERROR;
				CLANG_WARN_DOCUMENTATION_COMMENTS = YES;
				CLANG_WARN_EMPTY_BODY = YES;
				CLANG_WARN_ENUM_CONVERSION = YES;
				CLANG_WARN_INFINITE_RECURSION = YES;
				CLANG_WARN_INT_CONVERSION = YES;
				CLANG_WARN_NON_LITERAL_NULL_CONVERSION = YES;
				CLANG_WARN_OBJC_IMPLICIT_RETAIN_SELF = YES;
				CLANG_WARN_OBJC_LITERAL_CONVERSION = YES;
				CLANG_WARN_OBJC_ROOT_CLASS = YES_ERROR;
				CLANG_WARN_QUOTED_INCLUDE_IN_FRAMEWORK_HEADER = YES;
				CLANG_WARN_RANGE_LOOP_ANALYSIS = YES;
				CLANG_WARN_STRICT_PROTOTYPES = YES;
				CLANG_WARN_SUSPICIOUS_MOVE = YES;
				CLANG_WARN_UNGUARDED_AVAILABILITY = YES_AGGRESSIVE;
				CLANG_WARN_UNREACHABLE_CODE = YES;
				CLANG_WARN__DUPLICATE_METHOD_MATCH = YES;
				COPY_PHASE_STRIP = NO;
				DEAD_CODE_STRIPPING = YES;
				DEBUG_INFORMATION_FORMAT = "dwarf-with-dsym";
				DEVELOPMENT_TEAM = K36LFHM32T;
				ENABLE_NS_ASSERTIONS = NO;
				ENABLE_STRICT_OBJC_MSGSEND = YES;
				ENABLE_USER_SCRIPT_SANDBOXING = YES;
				GCC_C_LANGUAGE_STANDARD = gnu17;
				GCC_NO_COMMON_BLOCKS = YES;
				GCC_WARN_64_TO_32_BIT_CONVERSION = YES;
				GCC_WARN_ABOUT_RETURN_TYPE = YES_ERROR;
				GCC_WARN_UNDECLARED_SELECTOR = YES;
				GCC_WARN_UNINITIALIZED_AUTOS = YES_AGGRESSIVE;
				GCC_WARN_UNUSED_FUNCTION = YES;
				GCC_WARN_UNUSED_VARIABLE = YES;
				LOCALIZATION_PREFERS_STRING_CATALOGS = YES;
				MACOSX_DEPLOYMENT_TARGET = 14.0;
				MTL_ENABLE_DEBUG_INFO = NO;
				MTL_FAST_MATH = YES;
				SDKROOT = macosx;
				STRING_CATALOG_GENERATE_SYMBOLS = YES;
				SWIFT_COMPILATION_MODE = wholemodule;
			};
			name = Release;
		};
		A9000003 /* Debug */ = {
			isa = XCBuildConfiguration;
			buildSettings = {
				ASSETCATALOG_COMPILER_APPICON_NAME = AppIcon;
				ASSETCATALOG_COMPILER_GLOBAL_ACCENT_COLOR_NAME = AccentColor;
				ASSETCATALOG_COMPILER_INCLUDE_ALL_APPICON_ASSETS = YES;
				AUTOMATION_APPLE_EVENTS = YES;
				CODE_SIGN_ENTITLEMENTS = CraigOTerminator/CraigOTerminator.entitlements;
				CODE_SIGN_STYLE = Automatic;
				COMBINE_HIDPI_IMAGES = YES;
				CURRENT_PROJECT_VERSION = 2;
				DEAD_CODE_STRIPPING = YES;
				DEVELOPMENT_ASSET_PATHS = "";
				ENABLE_APP_SANDBOX = NO;
				ENABLE_FILE_ACCESS_DOWNLOADS_FOLDER = readwrite;
				ENABLE_FILE_ACCESS_MOVIES_FOLDER = readwrite;
				ENABLE_FILE_ACCESS_MUSIC_FOLDER = readwrite;
				ENABLE_FILE_ACCESS_PICTURE_FOLDER = readwrite;
				ENABLE_HARDENED_RUNTIME = YES;
				ENABLE_INCOMING_NETWORK_CONNECTIONS = YES;
				ENABLE_OUTGOING_NETWORK_CONNECTIONS = YES;
				ENABLE_PREVIEWS = YES;
				ENABLE_RESOURCE_ACCESS_AUDIO_INPUT = YES;
				ENABLE_RESOURCE_ACCESS_BLUETOOTH = YES;
				ENABLE_RESOURCE_ACCESS_CALENDARS = YES;
				ENABLE_RESOURCE_ACCESS_CAMERA = YES;
				ENABLE_RESOURCE_ACCESS_CONTACTS = YES;
				ENABLE_RESOURCE_ACCESS_LOCATION = YES;
				ENABLE_RESOURCE_ACCESS_PHOTO_LIBRARY = YES;
				ENABLE_RESOURCE_ACCESS_PRINTING = YES;
				ENABLE_RESOURCE_ACCESS_USB = YES;
				ENABLE_USER_SELECTED_FILES = readwrite;
				GENERATE_INFOPLIST_FILE = YES;
				INFOPLIST_FILE = CraigOTerminator/Info.plist;
				INFOPLIST_KEY_CFBundleDisplayName = "Craig-O-Terminator";
				INFOPLIST_KEY_LSApplicationCategoryType = "public.app-category.utilities";
				INFOPLIST_KEY_LSUIElement = YES;
				INFOPLIST_KEY_NSAppleEventsUsageDescription = "Craig-O-Clean Terminator needs permission to control other applications for system management.";
				INFOPLIST_KEY_NSDesktopFolderUsageDescription = "Craig-O-Clean needs access to the Desktop folder to analyze and clean files.";
				INFOPLIST_KEY_NSDocumentsFolderUsageDescription = "Craig-O-Clean needs access to the Documents folder to analyze and clean files.";
				INFOPLIST_KEY_NSDownloadsFolderUsageDescription = "Craig-O-Clean needs access to the Downloads folder to analyze and clean files.";
				INFOPLIST_KEY_NSHumanReadableCopyright = "Copyright © 2024 Craig Tracey. All rights reserved.";
				INFOPLIST_KEY_NSMainStoryboardFile = "";
				INFOPLIST_KEY_NSPrincipalClass = NSApplication;
				INFOPLIST_KEY_NSSystemAdministrationUsageDescription = "Craig-O-Clean Terminator needs administrator privileges to perform system cleanup operations.";
				LD_RUNPATH_SEARCH_PATHS = (
					"$(inherited)",
					"@executable_path/../Frameworks",
				);
				MARKETING_VERSION = 2;
				PRODUCT_BUNDLE_IDENTIFIER = com.vibecaas.CraigOTerminator;
				PRODUCT_NAME = "$(TARGET_NAME)";
				RUNTIME_EXCEPTION_ALLOW_DYLD_ENVIRONMENT_VARIABLES = NO;
				RUNTIME_EXCEPTION_ALLOW_JIT = NO;
				RUNTIME_EXCEPTION_ALLOW_UNSIGNED_EXECUTABLE_MEMORY = NO;
				RUNTIME_EXCEPTION_DEBUGGING_TOOL = NO;
				RUNTIME_EXCEPTION_DISABLE_EXECUTABLE_PAGE_PROTECTION = NO;
				RUNTIME_EXCEPTION_DISABLE_LIBRARY_VALIDATION = NO;
				SWIFT_EMIT_LOC_STRINGS = YES;
				SWIFT_VERSION = 5.0;
			};
			name = Debug;
		};
		A9000004 /* Release */ = {
			isa = XCBuildConfiguration;
			buildSettings = {
				ASSETCATALOG_COMPILER_APPICON_NAME = AppIcon;
				ASSETCATALOG_COMPILER_GLOBAL_ACCENT_COLOR_NAME = AccentColor;
				ASSETCATALOG_COMPILER_INCLUDE_ALL_APPICON_ASSETS = YES;
				AUTOMATION_APPLE_EVENTS = YES;
				CODE_SIGN_ENTITLEMENTS = CraigOTerminator/CraigOTerminator.entitlements;
				CODE_SIGN_STYLE = Automatic;
				COMBINE_HIDPI_IMAGES = YES;
				CURRENT_PROJECT_VERSION = 2;
				DEAD_CODE_STRIPPING = YES;
				DEVELOPMENT_ASSET_PATHS = "";
				ENABLE_APP_SANDBOX = NO;
				ENABLE_FILE_ACCESS_DOWNLOADS_FOLDER = readwrite;
				ENABLE_FILE_ACCESS_MOVIES_FOLDER = readwrite;
				ENABLE_FILE_ACCESS_MUSIC_FOLDER = readwrite;
				ENABLE_FILE_ACCESS_PICTURE_FOLDER = readwrite;
				ENABLE_HARDENED_RUNTIME = YES;
				ENABLE_INCOMING_NETWORK_CONNECTIONS = YES;
				ENABLE_OUTGOING_NETWORK_CONNECTIONS = YES;
				ENABLE_PREVIEWS = YES;
				ENABLE_RESOURCE_ACCESS_AUDIO_INPUT = YES;
				ENABLE_RESOURCE_ACCESS_BLUETOOTH = YES;
				ENABLE_RESOURCE_ACCESS_CALENDARS = YES;
				ENABLE_RESOURCE_ACCESS_CAMERA = YES;
				ENABLE_RESOURCE_ACCESS_CONTACTS = YES;
				ENABLE_RESOURCE_ACCESS_LOCATION = YES;
				ENABLE_RESOURCE_ACCESS_PHOTO_LIBRARY = YES;
				ENABLE_RESOURCE_ACCESS_PRINTING = YES;
				ENABLE_RESOURCE_ACCESS_USB = YES;
				ENABLE_USER_SELECTED_FILES = readwrite;
				GENERATE_INFOPLIST_FILE = YES;
				INFOPLIST_FILE = CraigOTerminator/Info.plist;
				INFOPLIST_KEY_CFBundleDisplayName = "Craig-O-Terminator";
				INFOPLIST_KEY_LSApplicationCategoryType = "public.app-category.utilities";
				INFOPLIST_KEY_LSUIElement = YES;
				INFOPLIST_KEY_NSAppleEventsUsageDescription = "Craig-O-Clean Terminator needs permission to control other applications for system management.";
				INFOPLIST_KEY_NSDesktopFolderUsageDescription = "Craig-O-Clean needs access to the Desktop folder to analyze and clean files.";
				INFOPLIST_KEY_NSDocumentsFolderUsageDescription = "Craig-O-Clean needs access to the Documents folder to analyze and clean files.";
				INFOPLIST_KEY_NSDownloadsFolderUsageDescription = "Craig-O-Clean needs access to the Downloads folder to analyze and clean files.";
				INFOPLIST_KEY_NSHumanReadableCopyright = "Copyright © 2024 Craig Tracey. All rights reserved.";
				INFOPLIST_KEY_NSMainStoryboardFile = "";
				INFOPLIST_KEY_NSPrincipalClass = NSApplication;
				INFOPLIST_KEY_NSSystemAdministrationUsageDescription = "Craig-O-Clean Terminator needs administrator privileges to perform system cleanup operations.";
				LD_RUNPATH_SEARCH_PATHS = (
					"$(inherited)",
					"@executable_path/../Frameworks",
				);
				MARKETING_VERSION = 2;
				PRODUCT_BUNDLE_IDENTIFIER = com.vibecaas.CraigOTerminator;
				PRODUCT_NAME = "$(TARGET_NAME)";
				RUNTIME_EXCEPTION_ALLOW_DYLD_ENVIRONMENT_VARIABLES = NO;
				RUNTIME_EXCEPTION_ALLOW_JIT = NO;
				RUNTIME_EXCEPTION_ALLOW_UNSIGNED_EXECUTABLE_MEMORY = NO;
				RUNTIME_EXCEPTION_DEBUGGING_TOOL = NO;
				RUNTIME_EXCEPTION_DISABLE_EXECUTABLE_PAGE_PROTECTION = NO;
				RUNTIME_EXCEPTION_DISABLE_LIBRARY_VALIDATION = NO;
				SWIFT_EMIT_LOC_STRINGS = YES;
				SWIFT_VERSION = 5.0;
			};
			name = Release;
		};
/* End XCBuildConfiguration section */

/* Begin XCConfigurationList section */
		A7000001 /* Build configuration list for PBXProject "CraigOTerminator" */ = {
			isa = XCConfigurationList;
			buildConfigurations = (
				A9000001 /* Debug */,
				A9000002 /* Release */,
			);
			defaultConfigurationIsVisible = 0;
			defaultConfigurationName = Release;
		};
		A7000003 /* Build configuration list for PBXNativeTarget "CraigOTerminator" */ = {
			isa = XCConfigurationList;
			buildConfigurations = (
				A9000003 /* Debug */,
				A9000004 /* Release */,
			);
			defaultConfigurationIsVisible = 0;
			defaultConfigurationName = Release;
		};
/* End XCConfigurationList section */
	};
	rootObject = A8000001 /* Project object */;
}
