// !$*UTF8*$!
{
	archiveVersion = 1;
	classes = {
	};
	objectVersion = 63;
	objects = {

/* Begin PBXBuildFile section */
		01C6C128BF2C4D1785807C48 /* TrialManager.swift in Sources */ = {isa = PBXBuildFile; fileRef = B3FDB3A7AE0E43668008F6EB /* TrialManager.swift */; };
		072BDC18CD3A1F412D79E65C /* MemoryCleanupView.swift in Sources */ = {isa = PBXBuildFile; fileRef = 0ECA675EC13F9451E3C48A56 /* MemoryCleanupView.swift */; };
		0835CC7B734975BC761C3801 /* AutoCleanupService.swift in Sources */ = {isa = PBXBuildFile; fileRef = 2ACBCDA24FEC65C0692216ED /* AutoCleanupService.swift */; };
		088E79AB6DD39EED29F38834 /* ProcessManagerView.swift in Sources */ = {isa = PBXBuildFile; fileRef = F78289CCD79A928D641472B8 /* ProcessManagerView.swift */; };
		127FE76D306047399C129BD1 /* PaywallView.swift in Sources */ = {isa = PBXBuildFile; fileRef = 7B0BFC84511241D18B26E6FC /* PaywallView.swift */; };
		14AA9922366E1795DDE5E3BC /* PermissionNotificationBanner.swift in Sources */ = {isa = PBXBuildFile; fileRef = EB7C4C2E995F377E31E226FC /* PermissionNotificationBanner.swift */; };
		1817CC0947FD83F7BD9F49FC /* DashboardView.swift in Sources */ = {isa = PBXBuildFile; fileRef = BB392BCA4D07A3A6B3FB20CB /* DashboardView.swift */; };
		1A683447D137A01FBA2C2231 /* LaunchAtLoginManager.swift in Sources */ = {isa = PBXBuildFile; fileRef = C353CAB9F69732F92380EEC5 /* LaunchAtLoginManager.swift */; };
		1BB559C2F26B4D2398D62009 /* DebugLogger.swift in Sources */ = {isa = PBXBuildFile; fileRef = A2D350B359D5421F816720F5 /* DebugLogger.swift */; };
		245906DA80EE0DEC93EF4CDE /* AutoCleanupSettingsView.swift in Sources */ = {isa = PBXBuildFile; fileRef = 1C600236D643D1053BD64CC3 /* AutoCleanupSettingsView.swift */; };
		2A25D8B619D2FCFD6DA92D5E /* BrowserAutomationService.swift in Sources */ = {isa = PBXBuildFile; fileRef = 6D4847DB072B4F05BF47CF1B /* BrowserAutomationService.swift */; };
		2B12F1742F29554000C7CE84 /* AppEnvironment.swift in Sources */ = {isa = PBXBuildFile; fileRef = 2B12F1722F29554000C7CE84 /* AppEnvironment.swift */; };
		2B12F1752F29554000C7CE84 /* AppEnvironment.swift in Sources */ = {isa = PBXBuildFile; fileRef = 2B12F1722F29554000C7CE84 /* AppEnvironment.swift */; };
		2B12F1762F29554000C7CE84 /* AppEnvironment.swift in Sources */ = {isa = PBXBuildFile; fileRef = 2B12F1722F29554000C7CE84 /* AppEnvironment.swift */; };
		2B12F1792F29555400C7CE84 /* BrowserController.swift in Sources */ = {isa = PBXBuildFile; fileRef = 2B12F1772F29555400C7CE84 /* BrowserController.swift */; };
		2B12F17A2F29555400C7CE84 /* BrowserController.swift in Sources */ = {isa = PBXBuildFile; fileRef = 2B12F1772F29555400C7CE84 /* BrowserController.swift */; };
		2B12F17B2F29555400C7CE84 /* BrowserController.swift in Sources */ = {isa = PBXBuildFile; fileRef = 2B12F1772F29555400C7CE84 /* BrowserController.swift */; };
		2B12F18A2F29556F00C7CE84 /* RunRecord.swift in Sources */ = {isa = PBXBuildFile; fileRef = 2B12F1872F29556F00C7CE84 /* RunRecord.swift */; };
		2B12F18B2F29556F00C7CE84 /* ElevatedExecutor.swift in Sources */ = {isa = PBXBuildFile; fileRef = 2B12F1822F29556F00C7CE84 /* ElevatedExecutor.swift */; };
		2B12F18C2F29556F00C7CE84 /* SQLiteLogStore.swift in Sources */ = {isa = PBXBuildFile; fileRef = 2B12F1882F29556F00C7CE84 /* SQLiteLogStore.swift */; };
		2B12F18D2F29556F00C7CE84 /* Capability.swift in Sources */ = {isa = PBXBuildFile; fileRef = 2B12F17E2F29556F00C7CE84 /* Capability.swift */; };
		2B12F18E2F29556F00C7CE84 /* ProcessRunner.swift in Sources */ = {isa = PBXBuildFile; fileRef = 2B12F1832F29556F00C7CE84 /* ProcessRunner.swift */; };
		2B12F18F2F29556F00C7CE84 /* CapabilityCatalog.swift in Sources */ = {isa = PBXBuildFile; fileRef = 2B12F17F2F29556F00C7CE84 /* CapabilityCatalog.swift */; };
		2B12F1902F29556F00C7CE84 /* CommandExecutor.swift in Sources */ = {isa = PBXBuildFile; fileRef = 2B12F1812F29556F00C7CE84 /* CommandExecutor.swift */; };
		2B12F1912F29556F00C7CE84 /* UserExecutor.swift in Sources */ = {isa = PBXBuildFile; fileRef = 2B12F1842F29556F00C7CE84 /* UserExecutor.swift */; };
		2B12F1922F29556F00C7CE84 /* LogStore.swift in Sources */ = {isa = PBXBuildFile; fileRef = 2B12F1862F29556F00C7CE84 /* LogStore.swift */; };
		2B12F1932F29556F00C7CE84 /* RunRecord.swift in Sources */ = {isa = PBXBuildFile; fileRef = 2B12F1872F29556F00C7CE84 /* RunRecord.swift */; };
		2B12F1942F29556F00C7CE84 /* ElevatedExecutor.swift in Sources */ = {isa = PBXBuildFile; fileRef = 2B12F1822F29556F00C7CE84 /* ElevatedExecutor.swift */; };
		2B12F1952F29556F00C7CE84 /* SQLiteLogStore.swift in Sources */ = {isa = PBXBuildFile; fileRef = 2B12F1882F29556F00C7CE84 /* SQLiteLogStore.swift */; };
		2B12F1962F29556F00C7CE84 /* Capability.swift in Sources */ = {isa = PBXBuildFile; fileRef = 2B12F17E2F29556F00C7CE84 /* Capability.swift */; };
		2B12F1972F29556F00C7CE84 /* ProcessRunner.swift in Sources */ = {isa = PBXBuildFile; fileRef = 2B12F1832F29556F00C7CE84 /* ProcessRunner.swift */; };
		2B12F1982F29556F00C7CE84 /* CapabilityCatalog.swift in Sources */ = {isa = PBXBuildFile; fileRef = 2B12F17F2F29556F00C7CE84 /* CapabilityCatalog.swift */; };
		2B12F1992F29556F00C7CE84 /* CommandExecutor.swift in Sources */ = {isa = PBXBuildFile; fileRef = 2B12F1812F29556F00C7CE84 /* CommandExecutor.swift */; };
		2B12F19A2F29556F00C7CE84 /* UserExecutor.swift in Sources */ = {isa = PBXBuildFile; fileRef = 2B12F1842F29556F00C7CE84 /* UserExecutor.swift */; };
		2B12F19B2F29556F00C7CE84 /* LogStore.swift in Sources */ = {isa = PBXBuildFile; fileRef = 2B12F1862F29556F00C7CE84 /* LogStore.swift */; };
		2B12F19C2F29556F00C7CE84 /* catalog.json in Resources */ = {isa = PBXBuildFile; fileRef = 2B12F17C2F29556F00C7CE84 /* catalog.json */; };
		2B12F19D2F29556F00C7CE84 /* RunRecord.swift in Sources */ = {isa = PBXBuildFile; fileRef = 2B12F1872F29556F00C7CE84 /* RunRecord.swift */; };
		2B12F19E2F29556F00C7CE84 /* ElevatedExecutor.swift in Sources */ = {isa = PBXBuildFile; fileRef = 2B12F1822F29556F00C7CE84 /* ElevatedExecutor.swift */; };
		2B12F19F2F29556F00C7CE84 /* SQLiteLogStore.swift in Sources */ = {isa = PBXBuildFile; fileRef = 2B12F1882F29556F00C7CE84 /* SQLiteLogStore.swift */; };
		2B12F1A02F29556F00C7CE84 /* Capability.swift in Sources */ = {isa = PBXBuildFile; fileRef = 2B12F17E2F29556F00C7CE84 /* Capability.swift */; };
		2B12F1A12F29556F00C7CE84 /* ProcessRunner.swift in Sources */ = {isa = PBXBuildFile; fileRef = 2B12F1832F29556F00C7CE84 /* ProcessRunner.swift */; };
		2B12F1A22F29556F00C7CE84 /* CapabilityCatalog.swift in Sources */ = {isa = PBXBuildFile; fileRef = 2B12F17F2F29556F00C7CE84 /* CapabilityCatalog.swift */; };
		2B12F1A32F29556F00C7CE84 /* CommandExecutor.swift in Sources */ = {isa = PBXBuildFile; fileRef = 2B12F1812F29556F00C7CE84 /* CommandExecutor.swift */; };
		2B12F1A42F29556F00C7CE84 /* UserExecutor.swift in Sources */ = {isa = PBXBuildFile; fileRef = 2B12F1842F29556F00C7CE84 /* UserExecutor.swift */; };
		2B12F1A52F29556F00C7CE84 /* LogStore.swift in Sources */ = {isa = PBXBuildFile; fileRef = 2B12F1862F29556F00C7CE84 /* LogStore.swift */; };
		2B12F1AF2F29558000C7CE84 /* PermissionStatusView.swift in Sources */ = {isa = PBXBuildFile; fileRef = 2B12F1AC2F29558000C7CE84 /* PermissionStatusView.swift */; };
		2B12F1B02F29558000C7CE84 /* ActivityLogView.swift in Sources */ = {isa = PBXBuildFile; fileRef = 2B12F1A62F29558000C7CE84 /* ActivityLogView.swift */; };
		2B12F1B12F29558000C7CE84 /* CapabilityMenuBarView.swift in Sources */ = {isa = PBXBuildFile; fileRef = 2B12F1AA2F29558000C7CE84 /* CapabilityMenuBarView.swift */; };
		2B12F1B22F29558000C7CE84 /* ConfirmationDialog.swift in Sources */ = {isa = PBXBuildFile; fileRef = 2B12F1A82F29558000C7CE84 /* ConfirmationDialog.swift */; };
		2B12F1B32F29558000C7CE84 /* PermissionStatusView.swift in Sources */ = {isa = PBXBuildFile; fileRef = 2B12F1AC2F29558000C7CE84 /* PermissionStatusView.swift */; };
		2B12F1B42F29558000C7CE84 /* ActivityLogView.swift in Sources */ = {isa = PBXBuildFile; fileRef = 2B12F1A62F29558000C7CE84 /* ActivityLogView.swift */; };
		2B12F1B52F29558000C7CE84 /* CapabilityMenuBarView.swift in Sources */ = {isa = PBXBuildFile; fileRef = 2B12F1AA2F29558000C7CE84 /* CapabilityMenuBarView.swift */; };
		2B12F1B62F29558000C7CE84 /* ConfirmationDialog.swift in Sources */ = {isa = PBXBuildFile; fileRef = 2B12F1A82F29558000C7CE84 /* ConfirmationDialog.swift */; };
		2B12F1B72F29558000C7CE84 /* PermissionStatusView.swift in Sources */ = {isa = PBXBuildFile; fileRef = 2B12F1AC2F29558000C7CE84 /* PermissionStatusView.swift */; };
		2B12F1B82F29558000C7CE84 /* ActivityLogView.swift in Sources */ = {isa = PBXBuildFile; fileRef = 2B12F1A62F29558000C7CE84 /* ActivityLogView.swift */; };
		2B12F1B92F29558000C7CE84 /* CapabilityMenuBarView.swift in Sources */ = {isa = PBXBuildFile; fileRef = 2B12F1AA2F29558000C7CE84 /* CapabilityMenuBarView.swift */; };
		2B12F1BA2F29558000C7CE84 /* ConfirmationDialog.swift in Sources */ = {isa = PBXBuildFile; fileRef = 2B12F1A82F29558000C7CE84 /* ConfirmationDialog.swift */; };
		2BC5E1AF2F1FFFEC00093C17 /* PaywallView.swift in Sources */ = {isa = PBXBuildFile; fileRef = 7B0BFC84511241D18B26E6FC /* PaywallView.swift */; };
		2BC5E1B02F1FFFEC00093C17 /* AppLogger.swift in Sources */ = {isa = PBXBuildFile; fileRef = 19D01515630B409EA1310EF4 /* AppLogger.swift */; };
		2BC5E1B12F1FFFEC00093C17 /* TrialManager.swift in Sources */ = {isa = PBXBuildFile; fileRef = B3FDB3A7AE0E43668008F6EB /* TrialManager.swift */; };
		2BC5E1B22F1FFFEC00093C17 /* PrivilegeService.swift in Sources */ = {isa = PBXBuildFile; fileRef = F8F6221E6CFB4F658E745547 /* PrivilegeService.swift */; };
		2BC5E1B32F1FFFEC00093C17 /* DebugLogger.swift in Sources */ = {isa = PBXBuildFile; fileRef = A2D350B359D5421F816720F5 /* DebugLogger.swift */; };
		2BC5E1B42F1FFFEC00093C17 /* LoggingExtensions.swift in Sources */ = {isa = PBXBuildFile; fileRef = F7313236940042A799441B8A /* LoggingExtensions.swift */; };
		2BD1F7C12F2482E80040EA8C /* Configuration.storekit in Resources */ = {isa = PBXBuildFile; fileRef = 2BD1F7C02F2482E80040EA8C /* Configuration.storekit */; };
		2FE223FFC5AB086E1F390837 /* SystemCPUMonitorView.swift in Sources */ = {isa = PBXBuildFile; fileRef = 23FD6D8224281B502229F05E /* SystemCPUMonitorView.swift */; };
		320BA199692F2B0CE464C826 /* ClearMindUITests.swift in Sources */ = {isa = PBXBuildFile; fileRef = 3347C167919A7F97FE2CDE86 /* ClearMindUITests.swift */; };
		324625357741BF0140A7A9FA /* MemoryOptimizerServiceTests.swift in Sources */ = {isa = PBXBuildFile; fileRef = CDE6E7BF2B81B73B7F577407 /* MemoryOptimizerServiceTests.swift */; };
		329F8E7152478A41EE5C939F /* SystemMetricsService.swift in Sources */ = {isa = PBXBuildFile; fileRef = 4CF233DB0FFB9F908AA51D49 /* SystemMetricsService.swift */; };
		34EDD517A8CA42765ED159B7 /* PermissionsServiceTests.swift in Sources */ = {isa = PBXBuildFile; fileRef = F46711DF1122D3DB4697AA40 /* PermissionsServiceTests.swift */; };
		355FAAD5BF1BF63578425832 /* MainAppView.swift in Sources */ = {isa = PBXBuildFile; fileRef = BCD420995497279132891BA0 /* MainAppView.swift */; };
		37081B9A81AC4AAD89014AB2 /* PrivilegeService.swift in Sources */ = {isa = PBXBuildFile; fileRef = F8F6221E6CFB4F658E745547 /* PrivilegeService.swift */; };
		3B0E8AA93F8ABDFBB5985716 /* BrowserTabsView.swift in Sources */ = {isa = PBXBuildFile; fileRef = 5B84B8FF558F22E8EE95AE3E /* BrowserTabsView.swift */; };
		4448E560834F1714EA0C69D1 /* MenuBarView.swift in Sources */ = {isa = PBXBuildFile; fileRef = 6275418776631AC59FE3F4B0 /* MenuBarView.swift */; };
		4F3C963C04FE8AA89A0AD535 /* ContentView.swift in Sources */ = {isa = PBXBuildFile; fileRef = 496C4A64B26A83B21DBF72D2 /* ContentView.swift */; };
		67890ABCDEF01020304050607 /* SystemMemoryMonitorView.swift in Sources */ = {isa = PBXBuildFile; fileRef = 7890ABCDEF01020304050607 /* SystemMemoryMonitorView.swift */; };
		6F58AD285DFDAEE78860DD75 /* SettingsView.swift in Sources */ = {isa = PBXBuildFile; fileRef = 561A9E2E0EC0F17E52040D18 /* SettingsView.swift */; };
		87335D2F7C44B47F4FD9D493 /* PermissionsService.swift in Sources */ = {isa = PBXBuildFile; fileRef = C5AD137740797927A1A06757 /* PermissionsService.swift */; };
		886A773C5B7B618EF84E9140 /* Craig_O_CleanApp.swift in Sources */ = {isa = PBXBuildFile; fileRef = A963F27F151E1C97ACCFAE4B /* Craig_O_CleanApp.swift */; };
		9494BC4E8B0AA61CD9DC21D9 /* MenuBarContentView.swift in Sources */ = {isa = PBXBuildFile; fileRef = 79BF4035D745B5DB567701E7 /* MenuBarContentView.swift */; };
		980877B7ED3E66AB16FECA4B /* BrowserAutomationServiceTests.swift in Sources */ = {isa = PBXBuildFile; fileRef = A3AAA25C8BFC4DC9FCC62823 /* BrowserAutomationServiceTests.swift */; };
		9A3F893F8F82316375784ED0 /* SystemMemoryManager.swift in Sources */ = {isa = PBXBuildFile; fileRef = 3776CD73A28435270067999F /* SystemMemoryManager.swift */; };
		9C95320DF11F602202AD0D02 /* VibeCaaSColors.swift in Sources */ = {isa = PBXBuildFile; fileRef = BD32BF4A67DF2580185C8A76 /* VibeCaaSColors.swift */; };
		A1B2C3D4E5F67890ABCDEF01 /* AuthManager.swift in Sources */ = {isa = PBXBuildFile; fileRef = 1A2B3C4D5E6F7890ABCDEF01 /* AuthManager.swift */; };
		A3918E318F5B93FD0F444DBF /* SystemMetricsServiceTests.swift in Sources */ = {isa = PBXBuildFile; fileRef = 97EC0CFD10106180B82D3171 /* SystemMetricsServiceTests.swift */; };
		B2C3D4E5F67890ABCDEF0102 /* KeychainService.swift in Sources */ = {isa = PBXBuildFile; fileRef = 2B3C4D5E6F7890ABCDEF0102 /* KeychainService.swift */; };
		B94280F2C48B84B7CCCED60F /* SettingsPermissionsView.swift in Sources */ = {isa = PBXBuildFile; fileRef = 253B9B7F0FD0202F49F06356 /* SettingsPermissionsView.swift */; };
		C1CF78B065B69217240721DE /* Craig-O-Cleaner-logo.png in Resources */ = {isa = PBXBuildFile; fileRef = 6A95705D710AB1609EBE0FFA /* Craig-O-Cleaner-logo.png */; };
		C1D444615A5CEA3017A16469 /* BrowserPermissionManager.swift in Sources */ = {isa = PBXBuildFile; fileRef = B156E588EABB9F3E895ECCE4 /* BrowserPermissionManager.swift */; };
		C3D4E5F67890ABCDEF010203 /* LocalUserStore.swift in Sources */ = {isa = PBXBuildFile; fileRef = 3C4D5E6F7890ABCDEF010203 /* LocalUserStore.swift */; };
		C4715D919A5DBEF825CE493A /* ProcessDetailsView.swift in Sources */ = {isa = PBXBuildFile; fileRef = 68B2DE05F77C4B544BE495A3 /* ProcessDetailsView.swift */; };
		C5E0BF15781E4F6CB83CF8D8 /* LoggingExtensions.swift in Sources */ = {isa = PBXBuildFile; fileRef = F7313236940042A799441B8A /* LoggingExtensions.swift */; };
		C72688306B4BEE5732CCBB8A /* ProcessManager.swift in Sources */ = {isa = PBXBuildFile; fileRef = A2145AF91FEE09DA3360DEF7 /* ProcessManager.swift */; };
		C8779F97192645DCBD6D9584 /* AppLogger.swift in Sources */ = {isa = PBXBuildFile; fileRef = 19D01515630B409EA1310EF4 /* AppLogger.swift */; };
		D4E5F67890ABCDEF01020304 /* StripeCheckoutService.swift in Sources */ = {isa = PBXBuildFile; fileRef = 4D5E6F7890ABCDEF01020304 /* StripeCheckoutService.swift */; };
		E5F67890ABCDEF0102030405 /* SubscriptionManager.swift in Sources */ = {isa = PBXBuildFile; fileRef = 5E6F7890ABCDEF0102030405 /* SubscriptionManager.swift */; };
		F541442A3FE6B7F6A73BFFD7 /* MemoryOptimizerService.swift in Sources */ = {isa = PBXBuildFile; fileRef = C2EB8AA1C4FD005E3B8801FF /* MemoryOptimizerService.swift */; };
		F5F21EDE8F69891F6A77AD61 /* Assets.xcassets in Resources */ = {isa = PBXBuildFile; fileRef = 44536121E1A03039EB5C837E /* Assets.xcassets */; };
		F67890ABCDEF010203040506 /* UserProfile.swift in Sources */ = {isa = PBXBuildFile; fileRef = 6F7890ABCDEF010203040506 /* UserProfile.swift */; };
		BB01234567890ABCDEF01234 /* AvatarManager.swift in Sources */ = {isa = PBXBuildFile; fileRef = AA01234567890ABCDEF01234 /* AvatarManager.swift */; };
		DD01234567890ABCDEF01234 /* AppVersion.swift in Sources */ = {isa = PBXBuildFile; fileRef = CC01234567890ABCDEF01234 /* AppVersion.swift */; };
/* End PBXBuildFile section */

/* Begin PBXContainerItemProxy section */
		6E4B18B1380D6EBE394A4430 /* PBXContainerItemProxy */ = {
			isa = PBXContainerItemProxy;
			containerPortal = C5DB498AAFA985B2D9AA1345 /* Project object */;
			proxyType = 1;
			remoteGlobalIDString = 0415B46CA7B47AC35FB319C5;
			remoteInfo = "Craig-O-Clean";
		};
		CDE44B17CAA73F9039B365BE /* PBXContainerItemProxy */ = {
			isa = PBXContainerItemProxy;
			containerPortal = C5DB498AAFA985B2D9AA1345 /* Project object */;
			proxyType = 1;
			remoteGlobalIDString = 0415B46CA7B47AC35FB319C5;
			remoteInfo = "Craig-O-Clean";
		};
/* End PBXContainerItemProxy section */

/* Begin PBXFileReference section */
		0ECA675EC13F9451E3C48A56 /* MemoryCleanupView.swift */ = {isa = PBXFileReference; lastKnownFileType = sourcecode.swift; path = MemoryCleanupView.swift; sourceTree = "<group>"; };
		19D01515630B409EA1310EF4 /* AppLogger.swift */ = {isa = PBXFileReference; lastKnownFileType = sourcecode.swift; path = AppLogger.swift; sourceTree = "<group>"; };
		1A2B3C4D5E6F7890ABCDEF01 /* AuthManager.swift */ = {isa = PBXFileReference; lastKnownFileType = sourcecode.swift; path = AuthManager.swift; sourceTree = "<group>"; };
		1C600236D643D1053BD64CC3 /* AutoCleanupSettingsView.swift */ = {isa = PBXFileReference; lastKnownFileType = sourcecode.swift; path = AutoCleanupSettingsView.swift; sourceTree = "<group>"; };
		23FD6D8224281B502229F05E /* SystemCPUMonitorView.swift */ = {isa = PBXFileReference; lastKnownFileType = sourcecode.swift; path = SystemCPUMonitorView.swift; sourceTree = "<group>"; };
		253B9B7F0FD0202F49F06356 /* SettingsPermissionsView.swift */ = {isa = PBXFileReference; lastKnownFileType = sourcecode.swift; path = SettingsPermissionsView.swift; sourceTree = "<group>"; };
		2ACBCDA24FEC65C0692216ED /* AutoCleanupService.swift */ = {isa = PBXFileReference; lastKnownFileType = sourcecode.swift; path = AutoCleanupService.swift; sourceTree = "<group>"; };
		2B12F1722F29554000C7CE84 /* AppEnvironment.swift */ = {isa = PBXFileReference; lastKnownFileType = sourcecode.swift; path = AppEnvironment.swift; sourceTree = "<group>"; };
		2B12F1772F29555400C7CE84 /* BrowserController.swift */ = {isa = PBXFileReference; lastKnownFileType = sourcecode.swift; path = BrowserController.swift; sourceTree = "<group>"; };
		2B12F17C2F29556F00C7CE84 /* catalog.json */ = {isa = PBXFileReference; lastKnownFileType = text.json; path = catalog.json; sourceTree = "<group>"; };
		2B12F17E2F29556F00C7CE84 /* Capability.swift */ = {isa = PBXFileReference; lastKnownFileType = sourcecode.swift; path = Capability.swift; sourceTree = "<group>"; };
		2B12F17F2F29556F00C7CE84 /* CapabilityCatalog.swift */ = {isa = PBXFileReference; lastKnownFileType = sourcecode.swift; path = CapabilityCatalog.swift; sourceTree = "<group>"; };
		2B12F1812F29556F00C7CE84 /* CommandExecutor.swift */ = {isa = PBXFileReference; lastKnownFileType = sourcecode.swift; path = CommandExecutor.swift; sourceTree = "<group>"; };
		2B12F1822F29556F00C7CE84 /* ElevatedExecutor.swift */ = {isa = PBXFileReference; lastKnownFileType = sourcecode.swift; path = ElevatedExecutor.swift; sourceTree = "<group>"; };
		2B12F1832F29556F00C7CE84 /* ProcessRunner.swift */ = {isa = PBXFileReference; lastKnownFileType = sourcecode.swift; path = ProcessRunner.swift; sourceTree = "<group>"; };
		2B12F1842F29556F00C7CE84 /* UserExecutor.swift */ = {isa = PBXFileReference; lastKnownFileType = sourcecode.swift; path = UserExecutor.swift; sourceTree = "<group>"; };
		2B12F1862F29556F00C7CE84 /* LogStore.swift */ = {isa = PBXFileReference; lastKnownFileType = sourcecode.swift; path = LogStore.swift; sourceTree = "<group>"; };
		2B12F1872F29556F00C7CE84 /* RunRecord.swift */ = {isa = PBXFileReference; lastKnownFileType = sourcecode.swift; path = RunRecord.swift; sourceTree = "<group>"; };
		2B12F1882F29556F00C7CE84 /* SQLiteLogStore.swift */ = {isa = PBXFileReference; lastKnownFileType = sourcecode.swift; path = SQLiteLogStore.swift; sourceTree = "<group>"; };
		2B12F1A62F29558000C7CE84 /* ActivityLogView.swift */ = {isa = PBXFileReference; lastKnownFileType = sourcecode.swift; path = ActivityLogView.swift; sourceTree = "<group>"; };
		2B12F1A82F29558000C7CE84 /* ConfirmationDialog.swift */ = {isa = PBXFileReference; lastKnownFileType = sourcecode.swift; path = ConfirmationDialog.swift; sourceTree = "<group>"; };
		2B12F1AA2F29558000C7CE84 /* CapabilityMenuBarView.swift */ = {isa = PBXFileReference; lastKnownFileType = sourcecode.swift; path = CapabilityMenuBarView.swift; sourceTree = "<group>"; };
		2B12F1AC2F29558000C7CE84 /* PermissionStatusView.swift */ = {isa = PBXFileReference; lastKnownFileType = sourcecode.swift; path = PermissionStatusView.swift; sourceTree = "<group>"; };
		2B3C4D5E6F7890ABCDEF0102 /* KeychainService.swift */ = {isa = PBXFileReference; lastKnownFileType = sourcecode.swift; path = KeychainService.swift; sourceTree = "<group>"; };
		2BD1F7C02F2482E80040EA8C /* Configuration.storekit */ = {isa = PBXFileReference; lastKnownFileType = text; path = Configuration.storekit; sourceTree = "<group>"; };
		3347C167919A7F97FE2CDE86 /* ClearMindUITests.swift */ = {isa = PBXFileReference; lastKnownFileType = sourcecode.swift; path = ClearMindUITests.swift; sourceTree = "<group>"; };
		3776CD73A28435270067999F /* SystemMemoryManager.swift */ = {isa = PBXFileReference; lastKnownFileType = sourcecode.swift; path = SystemMemoryManager.swift; sourceTree = "<group>"; };
		3C4D5E6F7890ABCDEF010203 /* LocalUserStore.swift */ = {isa = PBXFileReference; lastKnownFileType = sourcecode.swift; path = LocalUserStore.swift; sourceTree = "<group>"; };
		3DA0C997E4BE59EFD9C1A412 /* Craig-O-CleanUITests.xctest */ = {isa = PBXFileReference; explicitFileType = wrapper.cfbundle; includeInIndex = 0; path = "Craig-O-CleanUITests.xctest"; sourceTree = BUILT_PRODUCTS_DIR; };
		44536121E1A03039EB5C837E /* Assets.xcassets */ = {isa = PBXFileReference; lastKnownFileType = folder.assetcatalog; path = Assets.xcassets; sourceTree = "<group>"; };
		477BC22033C9D76D94AE2979 /* Info.plist */ = {isa = PBXFileReference; lastKnownFileType = text.plist; path = Info.plist; sourceTree = "<group>"; };
		496C4A64B26A83B21DBF72D2 /* ContentView.swift */ = {isa = PBXFileReference; lastKnownFileType = sourcecode.swift; path = ContentView.swift; sourceTree = "<group>"; };
		4CF233DB0FFB9F908AA51D49 /* SystemMetricsService.swift */ = {isa = PBXFileReference; lastKnownFileType = sourcecode.swift; path = SystemMetricsService.swift; sourceTree = "<group>"; };
		4D5E6F7890ABCDEF01020304 /* StripeCheckoutService.swift */ = {isa = PBXFileReference; lastKnownFileType = sourcecode.swift; path = StripeCheckoutService.swift; sourceTree = "<group>"; };
		561A9E2E0EC0F17E52040D18 /* SettingsView.swift */ = {isa = PBXFileReference; lastKnownFileType = sourcecode.swift; path = SettingsView.swift; sourceTree = "<group>"; };
		5B84B8FF558F22E8EE95AE3E /* BrowserTabsView.swift */ = {isa = PBXFileReference; lastKnownFileType = sourcecode.swift; path = BrowserTabsView.swift; sourceTree = "<group>"; };
		5D0E02E94D7795EFC0334B3F /* Craig-O-CleanTests.xctest */ = {isa = PBXFileReference; explicitFileType = wrapper.cfbundle; includeInIndex = 0; path = "Craig-O-CleanTests.xctest"; sourceTree = BUILT_PRODUCTS_DIR; };
		5E6F7890ABCDEF0102030405 /* SubscriptionManager.swift */ = {isa = PBXFileReference; lastKnownFileType = sourcecode.swift; path = SubscriptionManager.swift; sourceTree = "<group>"; };
		6275418776631AC59FE3F4B0 /* MenuBarView.swift */ = {isa = PBXFileReference; lastKnownFileType = sourcecode.swift; path = MenuBarView.swift; sourceTree = "<group>"; };
		68B2DE05F77C4B544BE495A3 /* ProcessDetailsView.swift */ = {isa = PBXFileReference; lastKnownFileType = sourcecode.swift; path = ProcessDetailsView.swift; sourceTree = "<group>"; };
		6A95705D710AB1609EBE0FFA /* Craig-O-Cleaner-logo.png */ = {isa = PBXFileReference; lastKnownFileType = image.png; path = "Craig-O-Cleaner-logo.png"; sourceTree = "<group>"; };
		6D4847DB072B4F05BF47CF1B /* BrowserAutomationService.swift */ = {isa = PBXFileReference; lastKnownFileType = sourcecode.swift; path = BrowserAutomationService.swift; sourceTree = "<group>"; };
		6F7890ABCDEF010203040506 /* UserProfile.swift */ = {isa = PBXFileReference; lastKnownFileType = sourcecode.swift; path = UserProfile.swift; sourceTree = "<group>"; };
		7890ABCDEF01020304050607 /* SystemMemoryMonitorView.swift */ = {isa = PBXFileReference; lastKnownFileType = sourcecode.swift; path = SystemMemoryMonitorView.swift; sourceTree = "<group>"; };
		79BF4035D745B5DB567701E7 /* MenuBarContentView.swift */ = {isa = PBXFileReference; lastKnownFileType = sourcecode.swift; path = MenuBarContentView.swift; sourceTree = "<group>"; };
		7B0BFC84511241D18B26E6FC /* PaywallView.swift */ = {isa = PBXFileReference; lastKnownFileType = sourcecode.swift; path = PaywallView.swift; sourceTree = "<group>"; };
		97EC0CFD10106180B82D3171 /* SystemMetricsServiceTests.swift */ = {isa = PBXFileReference; lastKnownFileType = sourcecode.swift; path = SystemMetricsServiceTests.swift; sourceTree = "<group>"; };
		A2145AF91FEE09DA3360DEF7 /* ProcessManager.swift */ = {isa = PBXFileReference; lastKnownFileType = sourcecode.swift; path = ProcessManager.swift; sourceTree = "<group>"; };
		A2D350B359D5421F816720F5 /* DebugLogger.swift */ = {isa = PBXFileReference; lastKnownFileType = sourcecode.swift; path = DebugLogger.swift; sourceTree = "<group>"; };
		A3AAA25C8BFC4DC9FCC62823 /* BrowserAutomationServiceTests.swift */ = {isa = PBXFileReference; lastKnownFileType = sourcecode.swift; path = BrowserAutomationServiceTests.swift; sourceTree = "<group>"; };
		A963F27F151E1C97ACCFAE4B /* Craig_O_CleanApp.swift */ = {isa = PBXFileReference; lastKnownFileType = sourcecode.swift; path = Craig_O_CleanApp.swift; sourceTree = "<group>"; };
		B156E588EABB9F3E895ECCE4 /* BrowserPermissionManager.swift */ = {isa = PBXFileReference; includeInIndex = 1; lastKnownFileType = sourcecode.swift; path = BrowserPermissionManager.swift; sourceTree = "<group>"; };
		B3FDB3A7AE0E43668008F6EB /* TrialManager.swift */ = {isa = PBXFileReference; lastKnownFileType = sourcecode.swift; path = TrialManager.swift; sourceTree = "<group>"; };
		BB392BCA4D07A3A6B3FB20CB /* DashboardView.swift */ = {isa = PBXFileReference; lastKnownFileType = sourcecode.swift; path = DashboardView.swift; sourceTree = "<group>"; };
		BCD420995497279132891BA0 /* MainAppView.swift */ = {isa = PBXFileReference; lastKnownFileType = sourcecode.swift; path = MainAppView.swift; sourceTree = "<group>"; };
		BD32BF4A67DF2580185C8A76 /* VibeCaaSColors.swift */ = {isa = PBXFileReference; lastKnownFileType = sourcecode.swift; path = VibeCaaSColors.swift; sourceTree = "<group>"; };
		C2EB8AA1C4FD005E3B8801FF /* MemoryOptimizerService.swift */ = {isa = PBXFileReference; lastKnownFileType = sourcecode.swift; path = MemoryOptimizerService.swift; sourceTree = "<group>"; };
		C353CAB9F69732F92380EEC5 /* LaunchAtLoginManager.swift */ = {isa = PBXFileReference; lastKnownFileType = sourcecode.swift; path = LaunchAtLoginManager.swift; sourceTree = "<group>"; };
		C5AD137740797927A1A06757 /* PermissionsService.swift */ = {isa = PBXFileReference; lastKnownFileType = sourcecode.swift; path = PermissionsService.swift; sourceTree = "<group>"; };
		CDE6E7BF2B81B73B7F577407 /* MemoryOptimizerServiceTests.swift */ = {isa = PBXFileReference; lastKnownFileType = sourcecode.swift; path = MemoryOptimizerServiceTests.swift; sourceTree = "<group>"; };
		EB7C4C2E995F377E31E226FC /* PermissionNotificationBanner.swift */ = {isa = PBXFileReference; includeInIndex = 1; lastKnownFileType = sourcecode.swift; path = PermissionNotificationBanner.swift; sourceTree = "<group>"; };
		F46711DF1122D3DB4697AA40 /* PermissionsServiceTests.swift */ = {isa = PBXFileReference; lastKnownFileType = sourcecode.swift; path = PermissionsServiceTests.swift; sourceTree = "<group>"; };
		F6E10BBC32BAE5E056982A8B /* Craig-O-Clean.entitlements */ = {isa = PBXFileReference; lastKnownFileType = text.plist.entitlements; path = "Craig-O-Clean.entitlements"; sourceTree = "<group>"; };
		F7313236940042A799441B8A /* LoggingExtensions.swift */ = {isa = PBXFileReference; lastKnownFileType = sourcecode.swift; path = LoggingExtensions.swift; sourceTree = "<group>"; };
		F78289CCD79A928D641472B8 /* ProcessManagerView.swift */ = {isa = PBXFileReference; lastKnownFileType = sourcecode.swift; path = ProcessManagerView.swift; sourceTree = "<group>"; };
		F8F6221E6CFB4F658E745547 /* PrivilegeService.swift */ = {isa = PBXFileReference; lastKnownFileType = sourcecode.swift; path = PrivilegeService.swift; sourceTree = "<group>"; };
		FB5748E37851D981C3F01925 /* Craig-O-Clean.app */ = {isa = PBXFileReference; explicitFileType = wrapper.application; includeInIndex = 0; path = "Craig-O-Clean.app"; sourceTree = BUILT_PRODUCTS_DIR; };
		AA01234567890ABCDEF01234 /* AvatarManager.swift */ = {isa = PBXFileReference; lastKnownFileType = sourcecode.swift; path = AvatarManager.swift; sourceTree = "<group>"; };
		CC01234567890ABCDEF01234 /* AppVersion.swift */ = {isa = PBXFileReference; lastKnownFileType = sourcecode.swift; path = AppVersion.swift; sourceTree = "<group>"; };
/* End PBXFileReference section */

/* Begin PBXGroup section */
		002C4DF3EA614AFCA2C8F940 /* Tests */ = {
			isa = PBXGroup;
			children = (
				E1E60033578611EECF63ED09 /* ClearMindTests */,
				B8A61F36CA41840EEF5A959F /* ClearMindUITests */,
			);
			path = Tests;
			sourceTree = "<group>";
		};
		2B12F1732F29554000C7CE84 /* App */ = {
			isa = PBXGroup;
			children = (
				2B12F1722F29554000C7CE84 /* AppEnvironment.swift */,
			);
			path = App;
			sourceTree = "<group>";
		};
		2B12F1782F29555400C7CE84 /* Automation */ = {
			isa = PBXGroup;
			children = (
				2B12F1772F29555400C7CE84 /* BrowserController.swift */,
			);
			path = Automation;
			sourceTree = "<group>";
		};
		2B12F17D2F29556F00C7CE84 /* Resources */ = {
			isa = PBXGroup;
			children = (
				2B12F17C2F29556F00C7CE84 /* catalog.json */,
			);
			path = Resources;
			sourceTree = "<group>";
		};
		2B12F1802F29556F00C7CE84 /* Capabilities */ = {
			isa = PBXGroup;
			children = (
				2B12F17D2F29556F00C7CE84 /* Resources */,
				2B12F17E2F29556F00C7CE84 /* Capability.swift */,
				2B12F17F2F29556F00C7CE84 /* CapabilityCatalog.swift */,
			);
			path = Capabilities;
			sourceTree = "<group>";
		};
		2B12F1852F29556F00C7CE84 /* Execution */ = {
			isa = PBXGroup;
			children = (
				2B12F1812F29556F00C7CE84 /* CommandExecutor.swift */,
				2B12F1822F29556F00C7CE84 /* ElevatedExecutor.swift */,
				2B12F1832F29556F00C7CE84 /* ProcessRunner.swift */,
				2B12F1842F29556F00C7CE84 /* UserExecutor.swift */,
			);
			path = Execution;
			sourceTree = "<group>";
		};
		2B12F1892F29556F00C7CE84 /* Logging */ = {
			isa = PBXGroup;
			children = (
				2B12F1862F29556F00C7CE84 /* LogStore.swift */,
				2B12F1872F29556F00C7CE84 /* RunRecord.swift */,
				2B12F1882F29556F00C7CE84 /* SQLiteLogStore.swift */,
			);
			path = Logging;
			sourceTree = "<group>";
		};
		2B12F1A72F29558000C7CE84 /* ActivityLog */ = {
			isa = PBXGroup;
			children = (
				2B12F1A62F29558000C7CE84 /* ActivityLogView.swift */,
			);
			path = ActivityLog;
			sourceTree = "<group>";
		};
		2B12F1A92F29558000C7CE84 /* Confirmation */ = {
			isa = PBXGroup;
			children = (
				2B12F1A82F29558000C7CE84 /* ConfirmationDialog.swift */,
			);
			path = Confirmation;
			sourceTree = "<group>";
		};
		2B12F1AB2F29558000C7CE84 /* MenuBar */ = {
			isa = PBXGroup;
			children = (
				2B12F1AA2F29558000C7CE84 /* CapabilityMenuBarView.swift */,
			);
			path = MenuBar;
			sourceTree = "<group>";
		};
		2B12F1AD2F29558000C7CE84 /* Permissions */ = {
			isa = PBXGroup;
			children = (
				2B12F1AC2F29558000C7CE84 /* PermissionStatusView.swift */,
			);
			path = Permissions;
			sourceTree = "<group>";
		};
		2B12F1AE2F29558000C7CE84 /* Features */ = {
			isa = PBXGroup;
			children = (
				2B12F1A72F29558000C7CE84 /* ActivityLog */,
				2B12F1A92F29558000C7CE84 /* Confirmation */,
				2B12F1AB2F29558000C7CE84 /* MenuBar */,
				2B12F1AD2F29558000C7CE84 /* Permissions */,
				EB7C4C2E995F377E31E226FC /* PermissionNotificationBanner.swift */,
			);
			path = Features;
			sourceTree = "<group>";
		};
		36274E6A08DF275509E4E474 /* UI */ = {
			isa = PBXGroup;
			children = (
				1C600236D643D1053BD64CC3 /* AutoCleanupSettingsView.swift */,
				5B84B8FF558F22E8EE95AE3E /* BrowserTabsView.swift */,
				BB392BCA4D07A3A6B3FB20CB /* DashboardView.swift */,
				BCD420995497279132891BA0 /* MainAppView.swift */,
				0ECA675EC13F9451E3C48A56 /* MemoryCleanupView.swift */,
				79BF4035D745B5DB567701E7 /* MenuBarContentView.swift */,
				F78289CCD79A928D641472B8 /* ProcessManagerView.swift */,
				253B9B7F0FD0202F49F06356 /* SettingsPermissionsView.swift */,
				7B0BFC84511241D18B26E6FC /* PaywallView.swift */,
			);
			path = UI;
			sourceTree = "<group>";
		};
		493A27514B97910FE382BF8B = {
			isa = PBXGroup;
			children = (
				AAA8B2312C2FDE28DD3FAF8F /* Craig-O-Clean */,
				E593D80C629AC472168D6BBF /* Products */,
			);
			sourceTree = "<group>";
		};
		5CB23B38D6DD33656D6F1EE6 /* Core */ = {
			isa = PBXGroup;
			children = (
				2B12F1802F29556F00C7CE84 /* Capabilities */,
				2B12F1852F29556F00C7CE84 /* Execution */,
				2B12F1892F29556F00C7CE84 /* Logging */,
				19D01515630B409EA1310EF4 /* AppLogger.swift */,
				B3FDB3A7AE0E43668008F6EB /* TrialManager.swift */,
				F8F6221E6CFB4F658E745547 /* PrivilegeService.swift */,
				A2D350B359D5421F816720F5 /* DebugLogger.swift */,
				F7313236940042A799441B8A /* LoggingExtensions.swift */,
				1A2B3C4D5E6F7890ABCDEF01 /* AuthManager.swift */,
				2ACBCDA24FEC65C0692216ED /* AutoCleanupService.swift */,
				6D4847DB072B4F05BF47CF1B /* BrowserAutomationService.swift */,
				2B3C4D5E6F7890ABCDEF0102 /* KeychainService.swift */,
				3C4D5E6F7890ABCDEF010203 /* LocalUserStore.swift */,
				C2EB8AA1C4FD005E3B8801FF /* MemoryOptimizerService.swift */,
				C5AD137740797927A1A06757 /* PermissionsService.swift */,
				4D5E6F7890ABCDEF01020304 /* StripeCheckoutService.swift */,
				5E6F7890ABCDEF0102030405 /* SubscriptionManager.swift */,
				4CF233DB0FFB9F908AA51D49 /* SystemMetricsService.swift */,
				6F7890ABCDEF010203040506 /* UserProfile.swift */,
				B156E588EABB9F3E895ECCE4 /* BrowserPermissionManager.swift */,,
				AA01234567890ABCDEF01234 /* AvatarManager.swift */,
				CC01234567890ABCDEF01234 /* AppVersion.swift */
			);
			path = Core;
			sourceTree = "<group>";
		};
		AAA8B2312C2FDE28DD3FAF8F /* Craig-O-Clean */ = {
			isa = PBXGroup;
			children = (
				2B12F1AE2F29558000C7CE84 /* Features */,
				2B12F1782F29555400C7CE84 /* Automation */,
				2B12F1732F29554000C7CE84 /* App */,
				2BD1F7C02F2482E80040EA8C /* Configuration.storekit */,
				44536121E1A03039EB5C837E /* Assets.xcassets */,
				496C4A64B26A83B21DBF72D2 /* ContentView.swift */,
				A963F27F151E1C97ACCFAE4B /* Craig_O_CleanApp.swift */,
				F6E10BBC32BAE5E056982A8B /* Craig-O-Clean.entitlements */,
				6A95705D710AB1609EBE0FFA /* Craig-O-Cleaner-logo.png */,
				477BC22033C9D76D94AE2979 /* Info.plist */,
				C353CAB9F69732F92380EEC5 /* LaunchAtLoginManager.swift */,
				6275418776631AC59FE3F4B0 /* MenuBarView.swift */,
				68B2DE05F77C4B544BE495A3 /* ProcessDetailsView.swift */,
				A2145AF91FEE09DA3360DEF7 /* ProcessManager.swift */,
				561A9E2E0EC0F17E52040D18 /* SettingsView.swift */,
				23FD6D8224281B502229F05E /* SystemCPUMonitorView.swift */,
				3776CD73A28435270067999F /* SystemMemoryManager.swift */,
				7890ABCDEF01020304050607 /* SystemMemoryMonitorView.swift */,
				BD32BF4A67DF2580185C8A76 /* VibeCaaSColors.swift */,
				5CB23B38D6DD33656D6F1EE6 /* Core */,
				002C4DF3EA614AFCA2C8F940 /* Tests */,
				36274E6A08DF275509E4E474 /* UI */,
			);
			path = "Craig-O-Clean";
			sourceTree = "<group>";
		};
		B8A61F36CA41840EEF5A959F /* ClearMindUITests */ = {
			isa = PBXGroup;
			children = (
				3347C167919A7F97FE2CDE86 /* ClearMindUITests.swift */,
			);
			path = ClearMindUITests;
			sourceTree = "<group>";
		};
		E1E60033578611EECF63ED09 /* ClearMindTests */ = {
			isa = PBXGroup;
			children = (
				A3AAA25C8BFC4DC9FCC62823 /* BrowserAutomationServiceTests.swift */,
				CDE6E7BF2B81B73B7F577407 /* MemoryOptimizerServiceTests.swift */,
				F46711DF1122D3DB4697AA40 /* PermissionsServiceTests.swift */,
				97EC0CFD10106180B82D3171 /* SystemMetricsServiceTests.swift */,
			);
			path = ClearMindTests;
			sourceTree = "<group>";
		};
		E593D80C629AC472168D6BBF /* Products */ = {
			isa = PBXGroup;
			children = (
				FB5748E37851D981C3F01925 /* Craig-O-Clean.app */,
				5D0E02E94D7795EFC0334B3F /* Craig-O-CleanTests.xctest */,
				3DA0C997E4BE59EFD9C1A412 /* Craig-O-CleanUITests.xctest */,
			);
			name = Products;
			sourceTree = "<group>";
		};
/* End PBXGroup section */

/* Begin PBXNativeTarget section */
		0415B46CA7B47AC35FB319C5 /* Craig-O-Clean */ = {
			isa = PBXNativeTarget;
			buildConfigurationList = A6A6F5E4FB95D014DE78AC2B /* Build configuration list for PBXNativeTarget "Craig-O-Clean" */;
			buildPhases = (
				72E50CC81E7DFE8C4F4A01AD /* Sources */,
				78C35A7BCE647FE143B9633C /* Resources */,
			);
			buildRules = (
			);
			dependencies = (
			);
			name = "Craig-O-Clean";
			productName = "Craig-O-Clean";
			productReference = FB5748E37851D981C3F01925 /* Craig-O-Clean.app */;
			productType = "com.apple.product-type.application";
		};
		7467991BBA646C3A88C57F87 /* Craig-O-CleanTests */ = {
			isa = PBXNativeTarget;
			buildConfigurationList = 9A67167DB619FE9BBA53AFFA /* Build configuration list for PBXNativeTarget "Craig-O-CleanTests" */;
			buildPhases = (
				3ED0B822CBDCF4AA7124AB51 /* Sources */,
			);
			buildRules = (
			);
			dependencies = (
				3D05836F3C0D90E9DD43755F /* PBXTargetDependency */,
			);
			name = "Craig-O-CleanTests";
			productName = "Craig-O-CleanTests";
			productReference = 5D0E02E94D7795EFC0334B3F /* Craig-O-CleanTests.xctest */;
			productType = "com.apple.product-type.bundle.unit-test";
		};
		926F2C4AEE3C34614C862130 /* Craig-O-CleanUITests */ = {
			isa = PBXNativeTarget;
			buildConfigurationList = 749F409A45E66792E05366EC /* Build configuration list for PBXNativeTarget "Craig-O-CleanUITests" */;
			buildPhases = (
				AFD4E813DB23574FCA92535D /* Sources */,
			);
			buildRules = (
			);
			dependencies = (
				31A7E757C1AEA70F7A6853CB /* PBXTargetDependency */,
			);
			name = "Craig-O-CleanUITests";
			productName = "Craig-O-CleanUITests";
			productReference = 3DA0C997E4BE59EFD9C1A412 /* Craig-O-CleanUITests.xctest */;
			productType = "com.apple.product-type.bundle.ui-testing";
		};
/* End PBXNativeTarget section */

/* Begin PBXProject section */
		C5DB498AAFA985B2D9AA1345 /* Project object */ = {
			isa = PBXProject;
			attributes = {
				BuildIndependentTargetsInParallel = YES;
				LastUpgradeCheck = 2620;
				TargetAttributes = {
					7467991BBA646C3A88C57F87 = {
						ProvisioningStyle = Automatic;
					};
					926F2C4AEE3C34614C862130 = {
						ProvisioningStyle = Automatic;
						TestTargetID = 0415B46CA7B47AC35FB319C5;
					};
				};
			};
			buildConfigurationList = 0E08C457459C182CC673FED6 /* Build configuration list for PBXProject "Craig-O-Clean" */;
			compatibilityVersion = "Xcode 14.0";
			developmentRegion = en;
			hasScannedForEncodings = 0;
			knownRegions = (
				Base,
				en,
			);
			mainGroup = 493A27514B97910FE382BF8B;
			minimizedProjectReferenceProxies = 1;
			productRefGroup = E593D80C629AC472168D6BBF /* Products */;
			projectDirPath = "";
			projectRoot = "";
			targets = (
				0415B46CA7B47AC35FB319C5 /* Craig-O-Clean */,
				7467991BBA646C3A88C57F87 /* Craig-O-CleanTests */,
				926F2C4AEE3C34614C862130 /* Craig-O-CleanUITests */,
			);
		};
/* End PBXProject section */

/* Begin PBXResourcesBuildPhase section */
		78C35A7BCE647FE143B9633C /* Resources */ = {
			isa = PBXResourcesBuildPhase;
			buildActionMask = 2147483647;
			files = (
				F5F21EDE8F69891F6A77AD61 /* Assets.xcassets in Resources */,
				2BD1F7C12F2482E80040EA8C /* Configuration.storekit in Resources */,
				C1CF78B065B69217240721DE /* Craig-O-Cleaner-logo.png in Resources */,
				2B12F19C2F29556F00C7CE84 /* catalog.json in Resources */,
			);
			runOnlyForDeploymentPostprocessing = 0;
		};
/* End PBXResourcesBuildPhase section */

/* Begin PBXSourcesBuildPhase section */
		3ED0B822CBDCF4AA7124AB51 /* Sources */ = {
			isa = PBXSourcesBuildPhase;
			buildActionMask = 2147483647;
			files = (
				2B12F18A2F29556F00C7CE84 /* RunRecord.swift in Sources */,
				2B12F18B2F29556F00C7CE84 /* ElevatedExecutor.swift in Sources */,
				2B12F18C2F29556F00C7CE84 /* SQLiteLogStore.swift in Sources */,
				2B12F18D2F29556F00C7CE84 /* Capability.swift in Sources */,
				2B12F1B72F29558000C7CE84 /* PermissionStatusView.swift in Sources */,
				2B12F1B82F29558000C7CE84 /* ActivityLogView.swift in Sources */,
				2B12F1B92F29558000C7CE84 /* CapabilityMenuBarView.swift in Sources */,
				2B12F1BA2F29558000C7CE84 /* ConfirmationDialog.swift in Sources */,
				2B12F18E2F29556F00C7CE84 /* ProcessRunner.swift in Sources */,
				2B12F18F2F29556F00C7CE84 /* CapabilityCatalog.swift in Sources */,
				2B12F1902F29556F00C7CE84 /* CommandExecutor.swift in Sources */,
				2B12F1912F29556F00C7CE84 /* UserExecutor.swift in Sources */,
				2B12F1922F29556F00C7CE84 /* LogStore.swift in Sources */,
				2BC5E1AF2F1FFFEC00093C17 /* PaywallView.swift in Sources */,
				2BC5E1B02F1FFFEC00093C17 /* AppLogger.swift in Sources */,
				2B12F1752F29554000C7CE84 /* AppEnvironment.swift in Sources */,
				2B12F17B2F29555400C7CE84 /* BrowserController.swift in Sources */,
				2BC5E1B12F1FFFEC00093C17 /* TrialManager.swift in Sources */,
				2BC5E1B22F1FFFEC00093C17 /* PrivilegeService.swift in Sources */,
				2BC5E1B32F1FFFEC00093C17 /* DebugLogger.swift in Sources */,
				2BC5E1B42F1FFFEC00093C17 /* LoggingExtensions.swift in Sources */,
				980877B7ED3E66AB16FECA4B /* BrowserAutomationServiceTests.swift in Sources */,
				324625357741BF0140A7A9FA /* MemoryOptimizerServiceTests.swift in Sources */,
				34EDD517A8CA42765ED159B7 /* PermissionsServiceTests.swift in Sources */,
				A3918E318F5B93FD0F444DBF /* SystemMetricsServiceTests.swift in Sources */,,
				BB01234567890ABCDEF01234 /* AvatarManager.swift in Sources */,
				DD01234567890ABCDEF01234 /* AppVersion.swift in Sources */
			);
			runOnlyForDeploymentPostprocessing = 0;
		};
		72E50CC81E7DFE8C4F4A01AD /* Sources */ = {
			isa = PBXSourcesBuildPhase;
			buildActionMask = 2147483647;
			files = (
				2B12F1AF2F29558000C7CE84 /* PermissionStatusView.swift in Sources */,
				2B12F1B02F29558000C7CE84 /* ActivityLogView.swift in Sources */,
				2B12F1B12F29558000C7CE84 /* CapabilityMenuBarView.swift in Sources */,
				2B12F1B22F29558000C7CE84 /* ConfirmationDialog.swift in Sources */,
				A1B2C3D4E5F67890ABCDEF01 /* AuthManager.swift in Sources */,
				0835CC7B734975BC761C3801 /* AutoCleanupService.swift in Sources */,
				245906DA80EE0DEC93EF4CDE /* AutoCleanupSettingsView.swift in Sources */,
				2A25D8B619D2FCFD6DA92D5E /* BrowserAutomationService.swift in Sources */,
				3B0E8AA93F8ABDFBB5985716 /* BrowserTabsView.swift in Sources */,
				4F3C963C04FE8AA89A0AD535 /* ContentView.swift in Sources */,
				886A773C5B7B618EF84E9140 /* Craig_O_CleanApp.swift in Sources */,
				1817CC0947FD83F7BD9F49FC /* DashboardView.swift in Sources */,
				B2C3D4E5F67890ABCDEF0102 /* KeychainService.swift in Sources */,
				1A683447D137A01FBA2C2231 /* LaunchAtLoginManager.swift in Sources */,
				C3D4E5F67890ABCDEF010203 /* LocalUserStore.swift in Sources */,
				355FAAD5BF1BF63578425832 /* MainAppView.swift in Sources */,
				072BDC18CD3A1F412D79E65C /* MemoryCleanupView.swift in Sources */,
				F541442A3FE6B7F6A73BFFD7 /* MemoryOptimizerService.swift in Sources */,
				9494BC4E8B0AA61CD9DC21D9 /* MenuBarContentView.swift in Sources */,
				4448E560834F1714EA0C69D1 /* MenuBarView.swift in Sources */,
				2B12F1742F29554000C7CE84 /* AppEnvironment.swift in Sources */,
				87335D2F7C44B47F4FD9D493 /* PermissionsService.swift in Sources */,
				C4715D919A5DBEF825CE493A /* ProcessDetailsView.swift in Sources */,
				C72688306B4BEE5732CCBB8A /* ProcessManager.swift in Sources */,
				088E79AB6DD39EED29F38834 /* ProcessManagerView.swift in Sources */,
				B94280F2C48B84B7CCCED60F /* SettingsPermissionsView.swift in Sources */,
				6F58AD285DFDAEE78860DD75 /* SettingsView.swift in Sources */,
				D4E5F67890ABCDEF01020304 /* StripeCheckoutService.swift in Sources */,
				E5F67890ABCDEF0102030405 /* SubscriptionManager.swift in Sources */,
				2FE223FFC5AB086E1F390837 /* SystemCPUMonitorView.swift in Sources */,
				9A3F893F8F82316375784ED0 /* SystemMemoryManager.swift in Sources */,
				67890ABCDEF01020304050607 /* SystemMemoryMonitorView.swift in Sources */,
				329F8E7152478A41EE5C939F /* SystemMetricsService.swift in Sources */,
				F67890ABCDEF010203040506 /* UserProfile.swift in Sources */,
				2B12F1792F29555400C7CE84 /* BrowserController.swift in Sources */,
				9C95320DF11F602202AD0D02 /* VibeCaaSColors.swift in Sources */,
				01C6C128BF2C4D1785807C48 /* TrialManager.swift in Sources */,
				37081B9A81AC4AAD89014AB2 /* PrivilegeService.swift in Sources */,
				C8779F97192645DCBD6D9584 /* AppLogger.swift in Sources */,
				2B12F19D2F29556F00C7CE84 /* RunRecord.swift in Sources */,
				2B12F19E2F29556F00C7CE84 /* ElevatedExecutor.swift in Sources */,
				2B12F19F2F29556F00C7CE84 /* SQLiteLogStore.swift in Sources */,
				2B12F1A02F29556F00C7CE84 /* Capability.swift in Sources */,
				2B12F1A12F29556F00C7CE84 /* ProcessRunner.swift in Sources */,
				2B12F1A22F29556F00C7CE84 /* CapabilityCatalog.swift in Sources */,
				2B12F1A32F29556F00C7CE84 /* CommandExecutor.swift in Sources */,
				2B12F1A42F29556F00C7CE84 /* UserExecutor.swift in Sources */,
				2B12F1A52F29556F00C7CE84 /* LogStore.swift in Sources */,
				1BB559C2F26B4D2398D62009 /* DebugLogger.swift in Sources */,
				C5E0BF15781E4F6CB83CF8D8 /* LoggingExtensions.swift in Sources */,
				127FE76D306047399C129BD1 /* PaywallView.swift in Sources */,
				C1D444615A5CEA3017A16469 /* BrowserPermissionManager.swift in Sources */,
				14AA9922366E1795DDE5E3BC /* PermissionNotificationBanner.swift in Sources */,
			);
			runOnlyForDeploymentPostprocessing = 0;
		};
		AFD4E813DB23574FCA92535D /* Sources */ = {
			isa = PBXSourcesBuildPhase;
			buildActionMask = 2147483647;
			files = (
				320BA199692F2B0CE464C826 /* ClearMindUITests.swift in Sources */,
				2B12F1932F29556F00C7CE84 /* RunRecord.swift in Sources */,
				2B12F1942F29556F00C7CE84 /* ElevatedExecutor.swift in Sources */,
				2B12F1952F29556F00C7CE84 /* SQLiteLogStore.swift in Sources */,
				2B12F1962F29556F00C7CE84 /* Capability.swift in Sources */,
				2B12F1972F29556F00C7CE84 /* ProcessRunner.swift in Sources */,
				2B12F1982F29556F00C7CE84 /* CapabilityCatalog.swift in Sources */,
				2B12F1992F29556F00C7CE84 /* CommandExecutor.swift in Sources */,
				2B12F19A2F29556F00C7CE84 /* UserExecutor.swift in Sources */,
				2B12F19B2F29556F00C7CE84 /* LogStore.swift in Sources */,
				2B12F17A2F29555400C7CE84 /* BrowserController.swift in Sources */,
				2B12F1B32F29558000C7CE84 /* PermissionStatusView.swift in Sources */,
				2B12F1B42F29558000C7CE84 /* ActivityLogView.swift in Sources */,
				2B12F1B52F29558000C7CE84 /* CapabilityMenuBarView.swift in Sources */,
				2B12F1B62F29558000C7CE84 /* ConfirmationDialog.swift in Sources */,
				2B12F1762F29554000C7CE84 /* AppEnvironment.swift in Sources */,
			);
			runOnlyForDeploymentPostprocessing = 0;
		};
/* End PBXSourcesBuildPhase section */

/* Begin PBXTargetDependency section */
		31A7E757C1AEA70F7A6853CB /* PBXTargetDependency */ = {
			isa = PBXTargetDependency;
			target = 0415B46CA7B47AC35FB319C5 /* Craig-O-Clean */;
			targetProxy = CDE44B17CAA73F9039B365BE /* PBXContainerItemProxy */;
		};
		3D05836F3C0D90E9DD43755F /* PBXTargetDependency */ = {
			isa = PBXTargetDependency;
			target = 0415B46CA7B47AC35FB319C5 /* Craig-O-Clean */;
			targetProxy = 6E4B18B1380D6EBE394A4430 /* PBXContainerItemProxy */;
		};
/* End PBXTargetDependency section */

/* Begin XCBuildConfiguration section */
		1F1F840E99918C6557FD498E /* Debug */ = {
			isa = XCBuildConfiguration;
			buildSettings = {
				BUNDLE_LOADER = "$(TEST_HOST)";
				COMBINE_HIDPI_IMAGES = YES;
				GENERATE_INFOPLIST_FILE = YES;
				LD_RUNPATH_SEARCH_PATHS = (
					"$(inherited)",
					"@executable_path/Frameworks",
					"@loader_path/Frameworks",
				);
				PRODUCT_BUNDLE_IDENTIFIER = com.craigoclean.app.uitests;
				SDKROOT = macosx;
				TEST_TARGET_NAME = "Craig-O-Clean";
			};
			name = Debug;
		};
		3F61628DD91179FB4A686B8D /* Debug */ = {
			isa = XCBuildConfiguration;
			buildSettings = {
				ASSETCATALOG_COMPILER_APPICON_NAME = AppIcon;
				ASSETCATALOG_COMPILER_INCLUDE_ALL_APPICON_ASSETS = YES;
				AUTOMATION_APPLE_EVENTS = YES;
				CODE_SIGN_ENTITLEMENTS = "Craig-O-Clean/Craig-O-Clean-Debug.entitlements";
				CODE_SIGN_IDENTITY = "Apple Development";
				"CODE_SIGN_IDENTITY[sdk=macosx*]" = "Apple Development";
				CODE_SIGN_STYLE = Automatic;
				COMBINE_HIDPI_IMAGES = YES;
				CURRENT_PROJECT_VERSION = 2;
				DEVELOPMENT_TEAM = K36LFHM32T;
				ENABLE_APP_SANDBOX = NO;
				ENABLE_FILE_ACCESS_DOWNLOADS_FOLDER = readwrite;
				ENABLE_FILE_ACCESS_MOVIES_FOLDER = readwrite;
				ENABLE_FILE_ACCESS_MUSIC_FOLDER = readwrite;
				ENABLE_FILE_ACCESS_PICTURE_FOLDER = readwrite;
				ENABLE_INCOMING_NETWORK_CONNECTIONS = YES;
				ENABLE_OUTGOING_NETWORK_CONNECTIONS = YES;
				ENABLE_PREVIEWS = YES;
				ENABLE_RESOURCE_ACCESS_AUDIO_INPUT = YES;
				ENABLE_RESOURCE_ACCESS_BLUETOOTH = YES;
				ENABLE_RESOURCE_ACCESS_CALENDARS = YES;
				ENABLE_RESOURCE_ACCESS_CAMERA = YES;
				ENABLE_RESOURCE_ACCESS_CONTACTS = YES;
				ENABLE_RESOURCE_ACCESS_LOCATION = YES;
				ENABLE_RESOURCE_ACCESS_PRINTING = YES;
				ENABLE_RESOURCE_ACCESS_USB = YES;
				ENABLE_USER_SELECTED_FILES = readwrite;
				INFOPLIST_FILE = "Craig-O-Clean/Info.plist";
				INFOPLIST_KEY_CFBundleDisplayName = CraigOClean;
				INFOPLIST_KEY_LSApplicationCategoryType = "public.app-category.utilities";
				LD_RUNPATH_SEARCH_PATHS = (
					"$(inherited)",
					"@executable_path/../Frameworks",
				);
				MARKETING_VERSION = 9;
				PRODUCT_BUNDLE_IDENTIFIER = com.craigoclean.app;
				PRODUCT_NAME = "Craig-O-Clean";
				PROVISIONING_PROFILE_SPECIFIER = "";
				SDKROOT = macosx;
				SWIFT_EMIT_LOC_STRINGS = YES;
			};
			name = Debug;
		};
		427BF1C35D2DD99BDB8355E7 /* Release */ = {
			isa = XCBuildConfiguration;
			buildSettings = {
				ALWAYS_SEARCH_USER_PATHS = NO;
				ASSETCATALOG_COMPILER_GENERATE_SWIFT_ASSET_SYMBOL_EXTENSIONS = YES;
				CLANG_ANALYZER_NONNULL = YES;
				CLANG_ANALYZER_NUMBER_OBJECT_CONVERSION = YES_AGGRESSIVE;
				CLANG_CXX_LANGUAGE_STANDARD = "gnu++14";
				CLANG_CXX_LIBRARY = "libc++";
				CLANG_ENABLE_MODULES = YES;
				CLANG_ENABLE_OBJC_ARC = YES;
				CLANG_ENABLE_OBJC_WEAK = YES;
				CLANG_WARN_BLOCK_CAPTURE_AUTORELEASING = YES;
				CLANG_WARN_BOOL_CONVERSION = YES;
				CLANG_WARN_COMMA = YES;
				CLANG_WARN_CONSTANT_CONVERSION = YES;
				CLANG_WARN_DEPRECATED_OBJC_IMPLEMENTATIONS = YES;
				CLANG_WARN_DIRECT_OBJC_ISA_USAGE = YES_ERROR;
				CLANG_WARN_DOCUMENTATION_COMMENTS = YES;
				CLANG_WARN_EMPTY_BODY = YES;
				CLANG_WARN_ENUM_CONVERSION = YES;
				CLANG_WARN_INFINITE_RECURSION = YES;
				CLANG_WARN_INT_CONVERSION = YES;
				CLANG_WARN_NON_LITERAL_NULL_CONVERSION = YES;
				CLANG_WARN_OBJC_IMPLICIT_RETAIN_SELF = YES;
				CLANG_WARN_OBJC_LITERAL_CONVERSION = YES;
				CLANG_WARN_OBJC_ROOT_CLASS = YES_ERROR;
				CLANG_WARN_QUOTED_INCLUDE_IN_FRAMEWORK_HEADER = YES;
				CLANG_WARN_RANGE_LOOP_ANALYSIS = YES;
				CLANG_WARN_STRICT_PROTOTYPES = YES;
				CLANG_WARN_SUSPICIOUS_MOVE = YES;
				CLANG_WARN_UNGUARDED_AVAILABILITY = YES_AGGRESSIVE;
				CLANG_WARN_UNREACHABLE_CODE = YES;
				CLANG_WARN__DUPLICATE_METHOD_MATCH = YES;
				CODE_SIGN_IDENTITY = "Apple Distribution: Phamy Xaypanya (K36LFHM32T)";
				CODE_SIGN_STYLE = Manual;
				COPY_PHASE_STRIP = NO;
				DEAD_CODE_STRIPPING = YES;
				DEBUG_INFORMATION_FORMAT = "dwarf-with-dsym";
				DEVELOPMENT_TEAM = K36LFHM32T;
				ENABLE_HARDENED_RUNTIME = YES;
				ENABLE_NS_ASSERTIONS = NO;
				ENABLE_STRICT_OBJC_MSGSEND = YES;
				ENABLE_USER_SCRIPT_SANDBOXING = YES;
				GCC_C_LANGUAGE_STANDARD = gnu11;
				GCC_NO_COMMON_BLOCKS = YES;
				GCC_WARN_64_TO_32_BIT_CONVERSION = YES;
				GCC_WARN_ABOUT_RETURN_TYPE = YES_ERROR;
				GCC_WARN_UNDECLARED_SELECTOR = YES;
				GCC_WARN_UNINITIALIZED_AUTOS = YES_AGGRESSIVE;
				GCC_WARN_UNUSED_FUNCTION = YES;
				GCC_WARN_UNUSED_VARIABLE = YES;
				MACOSX_DEPLOYMENT_TARGET = 14.0;
				MTL_ENABLE_DEBUG_INFO = NO;
				MTL_FAST_MATH = YES;
				PRODUCT_NAME = "$(TARGET_NAME)";
				PROVISIONING_PROFILE_SPECIFIER = "";
				SDKROOT = macosx;
				STRING_CATALOG_GENERATE_SYMBOLS = YES;
				SWIFT_COMPILATION_MODE = wholemodule;
				SWIFT_OPTIMIZATION_LEVEL = "-O";
				SWIFT_VERSION = 5.9;
			};
			name = Release;
		};
		7928632BA785CF4C6ABE0FB1 /* Debug */ = {
			isa = XCBuildConfiguration;
			buildSettings = {
				ALWAYS_SEARCH_USER_PATHS = NO;
				ASSETCATALOG_COMPILER_GENERATE_SWIFT_ASSET_SYMBOL_EXTENSIONS = YES;
				CLANG_ANALYZER_NONNULL = YES;
				CLANG_ANALYZER_NUMBER_OBJECT_CONVERSION = YES_AGGRESSIVE;
				CLANG_CXX_LANGUAGE_STANDARD = "gnu++14";
				CLANG_CXX_LIBRARY = "libc++";
				CLANG_ENABLE_MODULES = YES;
				CLANG_ENABLE_OBJC_ARC = YES;
				CLANG_ENABLE_OBJC_WEAK = YES;
				CLANG_WARN_BLOCK_CAPTURE_AUTORELEASING = YES;
				CLANG_WARN_BOOL_CONVERSION = YES;
				CLANG_WARN_COMMA = YES;
				CLANG_WARN_CONSTANT_CONVERSION = YES;
				CLANG_WARN_DEPRECATED_OBJC_IMPLEMENTATIONS = YES;
				CLANG_WARN_DIRECT_OBJC_ISA_USAGE = YES_ERROR;
				CLANG_WARN_DOCUMENTATION_COMMENTS = YES;
				CLANG_WARN_EMPTY_BODY = YES;
				CLANG_WARN_ENUM_CONVERSION = YES;
				CLANG_WARN_INFINITE_RECURSION = YES;
				CLANG_WARN_INT_CONVERSION = YES;
				CLANG_WARN_NON_LITERAL_NULL_CONVERSION = YES;
				CLANG_WARN_OBJC_IMPLICIT_RETAIN_SELF = YES;
				CLANG_WARN_OBJC_LITERAL_CONVERSION = YES;
				CLANG_WARN_OBJC_ROOT_CLASS = YES_ERROR;
				CLANG_WARN_QUOTED_INCLUDE_IN_FRAMEWORK_HEADER = YES;
				CLANG_WARN_RANGE_LOOP_ANALYSIS = YES;
				CLANG_WARN_STRICT_PROTOTYPES = YES;
				CLANG_WARN_SUSPICIOUS_MOVE = YES;
				CLANG_WARN_UNGUARDED_AVAILABILITY = YES_AGGRESSIVE;
				CLANG_WARN_UNREACHABLE_CODE = YES;
				CLANG_WARN__DUPLICATE_METHOD_MATCH = YES;
				CODE_SIGN_IDENTITY = "-";
				CODE_SIGN_STYLE = Manual;
				COPY_PHASE_STRIP = NO;
				DEAD_CODE_STRIPPING = YES;
				DEBUG_INFORMATION_FORMAT = dwarf;
				ENABLE_HARDENED_RUNTIME = NO;
				ENABLE_STRICT_OBJC_MSGSEND = YES;
				ENABLE_TESTABILITY = YES;
				ENABLE_USER_SCRIPT_SANDBOXING = YES;
				GCC_C_LANGUAGE_STANDARD = gnu11;
				GCC_DYNAMIC_NO_PIC = NO;
				GCC_NO_COMMON_BLOCKS = YES;
				GCC_OPTIMIZATION_LEVEL = 0;
				GCC_PREPROCESSOR_DEFINITIONS = (
					"$(inherited)",
					"DEBUG=1",
				);
				GCC_WARN_64_TO_32_BIT_CONVERSION = YES;
				GCC_WARN_ABOUT_RETURN_TYPE = YES_ERROR;
				GCC_WARN_UNDECLARED_SELECTOR = YES;
				GCC_WARN_UNINITIALIZED_AUTOS = YES_AGGRESSIVE;
				GCC_WARN_UNUSED_FUNCTION = YES;
				GCC_WARN_UNUSED_VARIABLE = YES;
				MACOSX_DEPLOYMENT_TARGET = 14.0;
				MTL_ENABLE_DEBUG_INFO = INCLUDE_SOURCE;
				MTL_FAST_MATH = YES;
				ONLY_ACTIVE_ARCH = YES;
				PRODUCT_NAME = "$(TARGET_NAME)";
				SDKROOT = macosx;
				STRING_CATALOG_GENERATE_SYMBOLS = YES;
				SWIFT_ACTIVE_COMPILATION_CONDITIONS = DEBUG;
				SWIFT_OPTIMIZATION_LEVEL = "-Onone";
				SWIFT_VERSION = 5.9;
			};
			name = Debug;
		};
		9C6A6E603852EF33512DD380 /* Debug */ = {
			isa = XCBuildConfiguration;
			buildSettings = {
				BUNDLE_LOADER = "$(TEST_HOST)";
				COMBINE_HIDPI_IMAGES = YES;
				GENERATE_INFOPLIST_FILE = YES;
				LD_RUNPATH_SEARCH_PATHS = (
					"$(inherited)",
					"@executable_path/../Frameworks",
					"@loader_path/../Frameworks",
				);
				PRODUCT_BUNDLE_IDENTIFIER = com.craigoclean.app.tests;
				SDKROOT = macosx;
				TEST_HOST = "$(BUILT_PRODUCTS_DIR)/Craig-O-Clean.app/Contents/MacOS/Craig-O-Clean";
			};
			name = Debug;
		};
		B84EC7006150C0989D868286 /* Release */ = {
			isa = XCBuildConfiguration;
			buildSettings = {
				BUNDLE_LOADER = "$(TEST_HOST)";
				COMBINE_HIDPI_IMAGES = YES;
				GENERATE_INFOPLIST_FILE = YES;
				LD_RUNPATH_SEARCH_PATHS = (
					"$(inherited)",
					"@executable_path/../Frameworks",
					"@loader_path/../Frameworks",
				);
				PRODUCT_BUNDLE_IDENTIFIER = com.craigoclean.app.tests;
				SDKROOT = macosx;
				TEST_HOST = "$(BUILT_PRODUCTS_DIR)/Craig-O-Clean.app/Contents/MacOS/Craig-O-Clean";
			};
			name = Release;
		};
		BF28B8E1F83F1D4A23B534B4 /* Release */ = {
			isa = XCBuildConfiguration;
			buildSettings = {
				BUNDLE_LOADER = "$(TEST_HOST)";
				COMBINE_HIDPI_IMAGES = YES;
				GENERATE_INFOPLIST_FILE = YES;
				LD_RUNPATH_SEARCH_PATHS = (
					"$(inherited)",
					"@executable_path/Frameworks",
					"@loader_path/Frameworks",
				);
				PRODUCT_BUNDLE_IDENTIFIER = com.craigoclean.app.uitests;
				SDKROOT = macosx;
				TEST_TARGET_NAME = "Craig-O-Clean";
			};
			name = Release;
		};
		D2495FE6838FAF7B55549F97 /* Release */ = {
			isa = XCBuildConfiguration;
			buildSettings = {
				ASSETCATALOG_COMPILER_APPICON_NAME = AppIcon;
				ASSETCATALOG_COMPILER_INCLUDE_ALL_APPICON_ASSETS = YES;
				AUTOMATION_APPLE_EVENTS = YES;
				CODE_SIGN_ENTITLEMENTS = "Craig-O-Clean/Craig-O-Clean-Debug.entitlements";
				CODE_SIGN_IDENTITY = "Apple Development";
				"CODE_SIGN_IDENTITY[sdk=macosx*]" = "Apple Development";
				CODE_SIGN_STYLE = Automatic;
				COMBINE_HIDPI_IMAGES = YES;
				CURRENT_PROJECT_VERSION = 2;
				DEVELOPMENT_TEAM = K36LFHM32T;
				ENABLE_APP_SANDBOX = NO;
				ENABLE_FILE_ACCESS_DOWNLOADS_FOLDER = readwrite;
				ENABLE_FILE_ACCESS_MOVIES_FOLDER = readwrite;
				ENABLE_FILE_ACCESS_MUSIC_FOLDER = readwrite;
				ENABLE_FILE_ACCESS_PICTURE_FOLDER = readwrite;
				ENABLE_HARDENED_RUNTIME = YES;
				ENABLE_INCOMING_NETWORK_CONNECTIONS = YES;
				ENABLE_OUTGOING_NETWORK_CONNECTIONS = YES;
				ENABLE_PREVIEWS = YES;
				ENABLE_RESOURCE_ACCESS_AUDIO_INPUT = YES;
				ENABLE_RESOURCE_ACCESS_BLUETOOTH = YES;
				ENABLE_RESOURCE_ACCESS_CALENDARS = YES;
				ENABLE_RESOURCE_ACCESS_CAMERA = YES;
				ENABLE_RESOURCE_ACCESS_CONTACTS = YES;
				ENABLE_RESOURCE_ACCESS_LOCATION = YES;
				ENABLE_RESOURCE_ACCESS_PHOTO_LIBRARY = YES;
				ENABLE_RESOURCE_ACCESS_PRINTING = YES;
				ENABLE_RESOURCE_ACCESS_USB = YES;
				ENABLE_USER_SELECTED_FILES = readwrite;
				INFOPLIST_FILE = "Craig-O-Clean/Info.plist";
				INFOPLIST_KEY_CFBundleDisplayName = CraigOClean;
				INFOPLIST_KEY_LSApplicationCategoryType = "public.app-category.utilities";
				LD_RUNPATH_SEARCH_PATHS = (
					"$(inherited)",
					"@executable_path/../Frameworks",
				);
				MARKETING_VERSION = 9;
				PRODUCT_BUNDLE_IDENTIFIER = com.craigoclean.app;
				PRODUCT_NAME = "Craig-O-Clean";
				PROVISIONING_PROFILE_SPECIFIER = "";
				RUNTIME_EXCEPTION_ALLOW_DYLD_ENVIRONMENT_VARIABLES = YES;
				RUNTIME_EXCEPTION_ALLOW_JIT = YES;
				RUNTIME_EXCEPTION_ALLOW_UNSIGNED_EXECUTABLE_MEMORY = YES;
				RUNTIME_EXCEPTION_DEBUGGING_TOOL = NO;
				RUNTIME_EXCEPTION_DISABLE_EXECUTABLE_PAGE_PROTECTION = NO;
				RUNTIME_EXCEPTION_DISABLE_LIBRARY_VALIDATION = NO;
				SDKROOT = macosx;
				SWIFT_EMIT_LOC_STRINGS = YES;
			};
			name = Release;
		};
/* End XCBuildConfiguration section */

/* Begin XCConfigurationList section */
		0E08C457459C182CC673FED6 /* Build configuration list for PBXProject "Craig-O-Clean" */ = {
			isa = XCConfigurationList;
			buildConfigurations = (
				7928632BA785CF4C6ABE0FB1 /* Debug */,
				427BF1C35D2DD99BDB8355E7 /* Release */,
			);
			defaultConfigurationIsVisible = 0;
			defaultConfigurationName = Debug;
		};
		749F409A45E66792E05366EC /* Build configuration list for PBXNativeTarget "Craig-O-CleanUITests" */ = {
			isa = XCConfigurationList;
			buildConfigurations = (
				1F1F840E99918C6557FD498E /* Debug */,
				BF28B8E1F83F1D4A23B534B4 /* Release */,
			);
			defaultConfigurationIsVisible = 0;
			defaultConfigurationName = Debug;
		};
		9A67167DB619FE9BBA53AFFA /* Build configuration list for PBXNativeTarget "Craig-O-CleanTests" */ = {
			isa = XCConfigurationList;
			buildConfigurations = (
				9C6A6E603852EF33512DD380 /* Debug */,
				B84EC7006150C0989D868286 /* Release */,
			);
			defaultConfigurationIsVisible = 0;
			defaultConfigurationName = Debug;
		};
		A6A6F5E4FB95D014DE78AC2B /* Build configuration list for PBXNativeTarget "Craig-O-Clean" */ = {
			isa = XCConfigurationList;
			buildConfigurations = (
				3F61628DD91179FB4A686B8D /* Debug */,
				D2495FE6838FAF7B55549F97 /* Release */,
			);
			defaultConfigurationIsVisible = 0;
			defaultConfigurationName = Debug;
		};
/* End XCConfigurationList section */
	};
	rootObject = C5DB498AAFA985B2D9AA1345 /* Project object */;
}
