// !$*UTF8*$!
{
	archiveVersion = 1;
	classes = {
	};
	objectVersion = 63;
	objects = {

/* Begin PBXBuildFile section */
		0E2ED53FF0AE3E82D709D0E2 /* UpgradeView.swift in Sources */ = {isa = PBXBuildFile; fileRef = 2283A65672C2DD4738743F76 /* UpgradeView.swift */; };
		5CB973B08A9868BDDB164964 /* UpgradeService.swift in Sources */ = {isa = PBXBuildFile; fileRef = DD1336AECB78CF6C2AD3AEAC /* UpgradeService.swift */; };
		622B001E296DAAE49FF5F3FB /* ContentView.swift in Sources */ = {isa = PBXBuildFile; fileRef = C0372580B3904AB1DB8D3FBD /* ContentView.swift */; };
		A816B9CF6A1672DF37B8A046 /* Assets.xcassets in Resources */ = {isa = PBXBuildFile; fileRef = 02B80B68BB4701075FEC9AC0 /* Assets.xcassets */; };
		D008B0EEF91B9A527D43B7FD /* Craig_O_Clean_LiteApp.swift in Sources */ = {isa = PBXBuildFile; fileRef = 1A8BF2ECD1361EC938429BCB /* Craig_O_Clean_LiteApp.swift */; };
		FE4CAB39E215C60BF5F6B73C /* SystemMonitor.swift in Sources */ = {isa = PBXBuildFile; fileRef = A1DAA8067A7A983EFFE93200 /* SystemMonitor.swift */; };
/* End PBXBuildFile section */

/* Begin PBXFileReference section */
		02B80B68BB4701075FEC9AC0 /* Assets.xcassets */ = {isa = PBXFileReference; lastKnownFileType = folder.assetcatalog; path = Assets.xcassets; sourceTree = "<group>"; };
		1A8BF2ECD1361EC938429BCB /* Craig_O_Clean_LiteApp.swift */ = {isa = PBXFileReference; lastKnownFileType = sourcecode.swift; path = Craig_O_Clean_LiteApp.swift; sourceTree = "<group>"; };
		2283A65672C2DD4738743F76 /* UpgradeView.swift */ = {isa = PBXFileReference; lastKnownFileType = sourcecode.swift; path = UpgradeView.swift; sourceTree = "<group>"; };
		53631541C3F3EC3DAD11EE10 /* Craig-O-Clean-Lite.entitlements */ = {isa = PBXFileReference; lastKnownFileType = text.plist.entitlements; path = "Craig-O-Clean-Lite.entitlements"; sourceTree = "<group>"; };
		6BD4D610A6E41AC97A02DA31 /* Info.plist */ = {isa = PBXFileReference; lastKnownFileType = text.plist; path = Info.plist; sourceTree = "<group>"; };
		A1DAA8067A7A983EFFE93200 /* SystemMonitor.swift */ = {isa = PBXFileReference; lastKnownFileType = sourcecode.swift; path = SystemMonitor.swift; sourceTree = "<group>"; };
		C0372580B3904AB1DB8D3FBD /* ContentView.swift */ = {isa = PBXFileReference; lastKnownFileType = sourcecode.swift; path = ContentView.swift; sourceTree = "<group>"; };
		C55C655B0392DB8DD9AD98D9 /* Craig-O-Clean Lite.app */ = {isa = PBXFileReference; explicitFileType = wrapper.application; includeInIndex = 0; path = "Craig-O-Clean Lite.app"; sourceTree = BUILT_PRODUCTS_DIR; };
		DD1336AECB78CF6C2AD3AEAC /* UpgradeService.swift */ = {isa = PBXFileReference; lastKnownFileType = sourcecode.swift; path = UpgradeService.swift; sourceTree = "<group>"; };
/* End PBXFileReference section */

/* Begin PBXGroup section */
		2B57161CA0EDBC62D8233A20 = {
			isa = PBXGroup;
			children = (
				3FA575AAA32A2283415C541B /* Craig-O-Clean-Lite */,
				49A0A1E5A9203F23CD719DFD /* Products */,
			);
			sourceTree = "<group>";
		};
		3FA575AAA32A2283415C541B /* Craig-O-Clean-Lite */ = {
			isa = PBXGroup;
			children = (
				02B80B68BB4701075FEC9AC0 /* Assets.xcassets */,
				C0372580B3904AB1DB8D3FBD /* ContentView.swift */,
				1A8BF2ECD1361EC938429BCB /* Craig_O_Clean_LiteApp.swift */,
				53631541C3F3EC3DAD11EE10 /* Craig-O-Clean-Lite.entitlements */,
				6BD4D610A6E41AC97A02DA31 /* Info.plist */,
				A1DAA8067A7A983EFFE93200 /* SystemMonitor.swift */,
				DD1336AECB78CF6C2AD3AEAC /* UpgradeService.swift */,
				2283A65672C2DD4738743F76 /* UpgradeView.swift */,
			);
			path = "Craig-O-Clean-Lite";
			sourceTree = "<group>";
		};
		49A0A1E5A9203F23CD719DFD /* Products */ = {
			isa = PBXGroup;
			children = (
				C55C655B0392DB8DD9AD98D9 /* Craig-O-Clean Lite.app */,
			);
			name = Products;
			sourceTree = "<group>";
		};
/* End PBXGroup section */

/* Begin PBXNativeTarget section */
		511D28A62E57260512BD83A2 /* Craig-O-Clean-Lite */ = {
			isa = PBXNativeTarget;
			buildConfigurationList = 8EAA9112D803399FE80C9CC8 /* Build configuration list for PBXNativeTarget "Craig-O-Clean-Lite" */;
			buildPhases = (
				277CCB510BEE66B354BB861F /* Sources */,
				073A02D45E79169FC673A17A /* Resources */,
			);
			buildRules = (
			);
			dependencies = (
			);
			name = "Craig-O-Clean-Lite";
			packageProductDependencies = (
			);
			productName = "Craig-O-Clean-Lite";
			productReference = C55C655B0392DB8DD9AD98D9 /* Craig-O-Clean Lite.app */;
			productType = "com.apple.product-type.application";
		};
/* End PBXNativeTarget section */

/* Begin PBXProject section */
		56863034FA30EBDD6B5B3EB3 /* Project object */ = {
			isa = PBXProject;
			attributes = {
				BuildIndependentTargetsInParallel = YES;
				LastUpgradeCheck = 2620;
				TargetAttributes = {
					511D28A62E57260512BD83A2 = {
						ProvisioningStyle = Automatic;
					};
				};
			};
			buildConfigurationList = 39E62A801D86CCE4EA31208C /* Build configuration list for PBXProject "Craig-O-Clean-Lite" */;
			compatibilityVersion = "Xcode 14.0";
			developmentRegion = en;
			hasScannedForEncodings = 0;
			knownRegions = (
				Base,
				en,
			);
			mainGroup = 2B57161CA0EDBC62D8233A20;
			minimizedProjectReferenceProxies = 1;
			projectDirPath = "";
			projectRoot = "";
			targets = (
				511D28A62E57260512BD83A2 /* Craig-O-Clean-Lite */,
			);
		};
/* End PBXProject section */

/* Begin PBXResourcesBuildPhase section */
		073A02D45E79169FC673A17A /* Resources */ = {
			isa = PBXResourcesBuildPhase;
			buildActionMask = 2147483647;
			files = (
				A816B9CF6A1672DF37B8A046 /* Assets.xcassets in Resources */,
			);
			runOnlyForDeploymentPostprocessing = 0;
		};
/* End PBXResourcesBuildPhase section */

/* Begin PBXSourcesBuildPhase section */
		277CCB510BEE66B354BB861F /* Sources */ = {
			isa = PBXSourcesBuildPhase;
			buildActionMask = 2147483647;
			files = (
				622B001E296DAAE49FF5F3FB /* ContentView.swift in Sources */,
				D008B0EEF91B9A527D43B7FD /* Craig_O_Clean_LiteApp.swift in Sources */,
				FE4CAB39E215C60BF5F6B73C /* SystemMonitor.swift in Sources */,
				5CB973B08A9868BDDB164964 /* UpgradeService.swift in Sources */,
				0E2ED53FF0AE3E82D709D0E2 /* UpgradeView.swift in Sources */,
			);
			runOnlyForDeploymentPostprocessing = 0;
		};
/* End PBXSourcesBuildPhase section */

/* Begin XCBuildConfiguration section */
		0BDD315F65D8E3A73E13F9BF /* Release */ = {
			isa = XCBuildConfiguration;
			buildSettings = {
				ASSETCATALOG_COMPILER_APPICON_NAME = AppIcon;
				CODE_SIGN_ENTITLEMENTS = "Craig-O-Clean-Lite/Craig-O-Clean-Lite.entitlements";
				"CODE_SIGN_IDENTITY[sdk=macosx*]" = "Apple Development";
				CODE_SIGN_STYLE = Automatic;
				COMBINE_HIDPI_IMAGES = YES;
				CURRENT_PROJECT_VERSION = 2;
				DEAD_CODE_STRIPPING = YES;
				ENABLE_HARDENED_RUNTIME = YES;
				GENERATE_INFOPLIST_FILE = NO;
				INFOPLIST_FILE = "Craig-O-Clean-Lite/Info.plist";
				INFOPLIST_KEY_CFBundleDisplayName = "Craig-O-Clean-Lite";
				INFOPLIST_KEY_LSApplicationCategoryType = "public.app-category.utilities";
				LD_RUNPATH_SEARCH_PATHS = (
					"$(inherited)",
					"@executable_path/../Frameworks",
				);
				MACOSX_DEPLOYMENT_TARGET = 14.0;
				MARKETING_VERSION = 1.0.0;
				PRODUCT_BUNDLE_IDENTIFIER = "com.neuralquantum.craig-o-clean-lite";
				PRODUCT_NAME = "Craig-O-Clean Lite";
				SDKROOT = macosx;
				SWIFT_COMPILATION_MODE = wholemodule;
				SWIFT_OPTIMIZATION_LEVEL = "-O";
				SWIFT_VERSION = 5.9;
			};
			name = Release;
		};
		8B7ADF74D32C98A212246D32 /* Release */ = {
			isa = XCBuildConfiguration;
			buildSettings = {
				ALWAYS_SEARCH_USER_PATHS = NO;
				ASSETCATALOG_COMPILER_GENERATE_SWIFT_ASSET_SYMBOL_EXTENSIONS = YES;
				CLANG_ANALYZER_NONNULL = YES;
				CLANG_ANALYZER_NUMBER_OBJECT_CONVERSION = YES_AGGRESSIVE;
				CLANG_CXX_LANGUAGE_STANDARD = "gnu++14";
				CLANG_CXX_LIBRARY = "libc++";
				CLANG_ENABLE_MODULES = YES;
				CLANG_ENABLE_OBJC_ARC = YES;
				CLANG_ENABLE_OBJC_WEAK = YES;
				CLANG_WARN_BLOCK_CAPTURE_AUTORELEASING = YES;
				CLANG_WARN_BOOL_CONVERSION = YES;
				CLANG_WARN_COMMA = YES;
				CLANG_WARN_CONSTANT_CONVERSION = YES;
				CLANG_WARN_DEPRECATED_OBJC_IMPLEMENTATIONS = YES;
				CLANG_WARN_DIRECT_OBJC_ISA_USAGE = YES_ERROR;
				CLANG_WARN_DOCUMENTATION_COMMENTS = YES;
				CLANG_WARN_EMPTY_BODY = YES;
				CLANG_WARN_ENUM_CONVERSION = YES;
				CLANG_WARN_INFINITE_RECURSION = YES;
				CLANG_WARN_INT_CONVERSION = YES;
				CLANG_WARN_NON_LITERAL_NULL_CONVERSION = YES;
				CLANG_WARN_OBJC_IMPLICIT_RETAIN_SELF = YES;
				CLANG_WARN_OBJC_LITERAL_CONVERSION = YES;
				CLANG_WARN_OBJC_ROOT_CLASS = YES_ERROR;
				CLANG_WARN_QUOTED_INCLUDE_IN_FRAMEWORK_HEADER = YES;
				CLANG_WARN_RANGE_LOOP_ANALYSIS = YES;
				CLANG_WARN_STRICT_PROTOTYPES = YES;
				CLANG_WARN_SUSPICIOUS_MOVE = YES;
				CLANG_WARN_UNGUARDED_AVAILABILITY = YES_AGGRESSIVE;
				CLANG_WARN_UNREACHABLE_CODE = YES;
				CLANG_WARN__DUPLICATE_METHOD_MATCH = YES;
				COPY_PHASE_STRIP = NO;
				DEAD_CODE_STRIPPING = YES;
				DEBUG_INFORMATION_FORMAT = "dwarf-with-dsym";
				DEVELOPMENT_TEAM = K36LFHM32T;
				ENABLE_NS_ASSERTIONS = NO;
				ENABLE_STRICT_OBJC_MSGSEND = YES;
				ENABLE_USER_SCRIPT_SANDBOXING = YES;
				GCC_C_LANGUAGE_STANDARD = gnu11;
				GCC_NO_COMMON_BLOCKS = YES;
				GCC_WARN_64_TO_32_BIT_CONVERSION = YES;
				GCC_WARN_ABOUT_RETURN_TYPE = YES_ERROR;
				GCC_WARN_UNDECLARED_SELECTOR = YES;
				GCC_WARN_UNINITIALIZED_AUTOS = YES_AGGRESSIVE;
				GCC_WARN_UNUSED_FUNCTION = YES;
				GCC_WARN_UNUSED_VARIABLE = YES;
				MACOSX_DEPLOYMENT_TARGET = 14.0;
				MTL_ENABLE_DEBUG_INFO = NO;
				MTL_FAST_MATH = YES;
				PRODUCT_NAME = "$(TARGET_NAME)";
				SDKROOT = macosx;
				STRING_CATALOG_GENERATE_SYMBOLS = YES;
				SWIFT_COMPILATION_MODE = wholemodule;
				SWIFT_OPTIMIZATION_LEVEL = "-O";
				SWIFT_VERSION = 5.0;
			};
			name = Release;
		};
		B05AD65AECF9FFD4CA9E4AC3 /* Debug */ = {
			isa = XCBuildConfiguration;
			buildSettings = {
				ALWAYS_SEARCH_USER_PATHS = NO;
				ASSETCATALOG_COMPILER_GENERATE_SWIFT_ASSET_SYMBOL_EXTENSIONS = YES;
				CLANG_ANALYZER_NONNULL = YES;
				CLANG_ANALYZER_NUMBER_OBJECT_CONVERSION = YES_AGGRESSIVE;
				CLANG_CXX_LANGUAGE_STANDARD = "gnu++14";
				CLANG_CXX_LIBRARY = "libc++";
				CLANG_ENABLE_MODULES = YES;
				CLANG_ENABLE_OBJC_ARC = YES;
				CLANG_ENABLE_OBJC_WEAK = YES;
				CLANG_WARN_BLOCK_CAPTURE_AUTORELEASING = YES;
				CLANG_WARN_BOOL_CONVERSION = YES;
				CLANG_WARN_COMMA = YES;
				CLANG_WARN_CONSTANT_CONVERSION = YES;
				CLANG_WARN_DEPRECATED_OBJC_IMPLEMENTATIONS = YES;
				CLANG_WARN_DIRECT_OBJC_ISA_USAGE = YES_ERROR;
				CLANG_WARN_DOCUMENTATION_COMMENTS = YES;
				CLANG_WARN_EMPTY_BODY = YES;
				CLANG_WARN_ENUM_CONVERSION = YES;
				CLANG_WARN_INFINITE_RECURSION = YES;
				CLANG_WARN_INT_CONVERSION = YES;
				CLANG_WARN_NON_LITERAL_NULL_CONVERSION = YES;
				CLANG_WARN_OBJC_IMPLICIT_RETAIN_SELF = YES;
				CLANG_WARN_OBJC_LITERAL_CONVERSION = YES;
				CLANG_WARN_OBJC_ROOT_CLASS = YES_ERROR;
				CLANG_WARN_QUOTED_INCLUDE_IN_FRAMEWORK_HEADER = YES;
				CLANG_WARN_RANGE_LOOP_ANALYSIS = YES;
				CLANG_WARN_STRICT_PROTOTYPES = YES;
				CLANG_WARN_SUSPICIOUS_MOVE = YES;
				CLANG_WARN_UNGUARDED_AVAILABILITY = YES_AGGRESSIVE;
				CLANG_WARN_UNREACHABLE_CODE = YES;
				CLANG_WARN__DUPLICATE_METHOD_MATCH = YES;
				COPY_PHASE_STRIP = NO;
				DEAD_CODE_STRIPPING = YES;
				DEBUG_INFORMATION_FORMAT = dwarf;
				DEVELOPMENT_TEAM = K36LFHM32T;
				ENABLE_STRICT_OBJC_MSGSEND = YES;
				ENABLE_TESTABILITY = YES;
				ENABLE_USER_SCRIPT_SANDBOXING = YES;
				GCC_C_LANGUAGE_STANDARD = gnu11;
				GCC_DYNAMIC_NO_PIC = NO;
				GCC_NO_COMMON_BLOCKS = YES;
				GCC_OPTIMIZATION_LEVEL = 0;
				GCC_PREPROCESSOR_DEFINITIONS = (
					"$(inherited)",
					"DEBUG=1",
				);
				GCC_WARN_64_TO_32_BIT_CONVERSION = YES;
				GCC_WARN_ABOUT_RETURN_TYPE = YES_ERROR;
				GCC_WARN_UNDECLARED_SELECTOR = YES;
				GCC_WARN_UNINITIALIZED_AUTOS = YES_AGGRESSIVE;
				GCC_WARN_UNUSED_FUNCTION = YES;
				GCC_WARN_UNUSED_VARIABLE = YES;
				MACOSX_DEPLOYMENT_TARGET = 14.0;
				MTL_ENABLE_DEBUG_INFO = INCLUDE_SOURCE;
				MTL_FAST_MATH = YES;
				ONLY_ACTIVE_ARCH = YES;
				PRODUCT_NAME = "$(TARGET_NAME)";
				SDKROOT = macosx;
				STRING_CATALOG_GENERATE_SYMBOLS = YES;
				SWIFT_ACTIVE_COMPILATION_CONDITIONS = DEBUG;
				SWIFT_OPTIMIZATION_LEVEL = "-Onone";
				SWIFT_VERSION = 5.0;
			};
			name = Debug;
		};
		F38E9CF5705F3E8E8F488732 /* Debug */ = {
			isa = XCBuildConfiguration;
			buildSettings = {
				ASSETCATALOG_COMPILER_APPICON_NAME = AppIcon;
				CODE_SIGN_ENTITLEMENTS = "Craig-O-Clean-Lite/Craig-O-Clean-Lite.entitlements";
				"CODE_SIGN_IDENTITY[sdk=macosx*]" = "Apple Development";
				CODE_SIGN_STYLE = Automatic;
				COMBINE_HIDPI_IMAGES = YES;
				CURRENT_PROJECT_VERSION = 2;
				DEAD_CODE_STRIPPING = YES;
				ENABLE_HARDENED_RUNTIME = YES;
				GENERATE_INFOPLIST_FILE = NO;
				INFOPLIST_FILE = "Craig-O-Clean-Lite/Info.plist";
				INFOPLIST_KEY_CFBundleDisplayName = "Craig-O-Clean-Lite";
				INFOPLIST_KEY_LSApplicationCategoryType = "public.app-category.utilities";
				LD_RUNPATH_SEARCH_PATHS = (
					"$(inherited)",
					"@executable_path/../Frameworks",
				);
				MACOSX_DEPLOYMENT_TARGET = 14.0;
				MARKETING_VERSION = 1.0.0;
				PRODUCT_BUNDLE_IDENTIFIER = "com.neuralquantum.craig-o-clean-lite";
				PRODUCT_NAME = "Craig-O-Clean Lite";
				SDKROOT = macosx;
				SWIFT_OPTIMIZATION_LEVEL = "-Onone";
				SWIFT_VERSION = 5.9;
			};
			name = Debug;
		};
/* End XCBuildConfiguration section */

/* Begin XCConfigurationList section */
		39E62A801D86CCE4EA31208C /* Build configuration list for PBXProject "Craig-O-Clean-Lite" */ = {
			isa = XCConfigurationList;
			buildConfigurations = (
				B05AD65AECF9FFD4CA9E4AC3 /* Debug */,
				8B7ADF74D32C98A212246D32 /* Release */,
			);
			defaultConfigurationIsVisible = 0;
			defaultConfigurationName = Debug;
		};
		8EAA9112D803399FE80C9CC8 /* Build configuration list for PBXNativeTarget "Craig-O-Clean-Lite" */ = {
			isa = XCConfigurationList;
			buildConfigurations = (
				F38E9CF5705F3E8E8F488732 /* Debug */,
				0BDD315F65D8E3A73E13F9BF /* Release */,
			);
			defaultConfigurationIsVisible = 0;
			defaultConfigurationName = Debug;
		};
/* End XCConfigurationList section */
	};
	rootObject = 56863034FA30EBDD6B5B3EB3 /* Project object */;
}
