// !$*UTF8*$!
{
	archiveVersion = 1;
	classes = {
	};
	objectVersion = 63;
	objects = {

/* Begin PBXBuildFile section */
		1A683447D137A01FBA2C2231 /* LaunchAtLoginManager.swift in Sources */ = {isa = PBXBuildFile; fileRef = C353CAB9F69732F92380EEC5 /* LaunchAtLoginManager.swift */; };
		2FE223FFC5AB086E1F390837 /* SystemCPUMonitorView.swift in Sources */ = {isa = PBXBuildFile; fileRef = 23FD6D8224281B502229F05E /* SystemCPUMonitorView.swift */; };
		4448E560834F1714EA0C69D1 /* MenuBarView.swift in Sources */ = {isa = PBXBuildFile; fileRef = 6275418776631AC59FE3F4B0 /* MenuBarView.swift */; };
		4F3C963C04FE8AA89A0AD535 /* ContentView.swift in Sources */ = {isa = PBXBuildFile; fileRef = 496C4A64B26A83B21DBF72D2 /* ContentView.swift */; };
		6F58AD285DFDAEE78860DD75 /* SettingsView.swift in Sources */ = {isa = PBXBuildFile; fileRef = 561A9E2E0EC0F17E52040D18 /* SettingsView.swift */; };
		886A773C5B7B618EF84E9140 /* Craig_O_CleanApp.swift in Sources */ = {isa = PBXBuildFile; fileRef = A963F27F151E1C97ACCFAE4B /* Craig_O_CleanApp.swift */; };
		9A3F893F8F82316375784ED0 /* SystemMemoryManager.swift in Sources */ = {isa = PBXBuildFile; fileRef = 3776CD73A28435270067999F /* SystemMemoryManager.swift */; };
		C1CF78B065B69217240721DE /* Craig-O-Cleaner-logo.png in Resources */ = {isa = PBXBuildFile; fileRef = 6A95705D710AB1609EBE0FFA /* Craig-O-Cleaner-logo.png */; };
		C4715D919A5DBEF825CE493A /* ProcessDetailsView.swift in Sources */ = {isa = PBXBuildFile; fileRef = 68B2DE05F77C4B544BE495A3 /* ProcessDetailsView.swift */; };
		C72688306B4BEE5732CCBB8A /* ProcessManager.swift in Sources */ = {isa = PBXBuildFile; fileRef = A2145AF91FEE09DA3360DEF7 /* ProcessManager.swift */; };
		F5F21EDE8F69891F6A77AD61 /* Assets.xcassets in Resources */ = {isa = PBXBuildFile; fileRef = 44536121E1A03039EB5C837E /* Assets.xcassets */; };
		/* New Core Services */
		AA111111111111111111111A /* SystemMetricsService.swift in Sources */ = {isa = PBXBuildFile; fileRef = AA111111111111111111111B /* SystemMetricsService.swift */; };
		AA222222222222222222222A /* BrowserAutomationService.swift in Sources */ = {isa = PBXBuildFile; fileRef = AA222222222222222222222B /* BrowserAutomationService.swift */; };
		AA333333333333333333333A /* MemoryOptimizerService.swift in Sources */ = {isa = PBXBuildFile; fileRef = AA333333333333333333333B /* MemoryOptimizerService.swift */; };
		AA444444444444444444444A /* PermissionsService.swift in Sources */ = {isa = PBXBuildFile; fileRef = AA444444444444444444444B /* PermissionsService.swift */; };
		/* New UI Views */
		BB111111111111111111111A /* MainAppView.swift in Sources */ = {isa = PBXBuildFile; fileRef = BB111111111111111111111B /* MainAppView.swift */; };
		BB222222222222222222222A /* DashboardView.swift in Sources */ = {isa = PBXBuildFile; fileRef = BB222222222222222222222B /* DashboardView.swift */; };
		BB333333333333333333333A /* ProcessManagerView.swift in Sources */ = {isa = PBXBuildFile; fileRef = BB333333333333333333333B /* ProcessManagerView.swift */; };
		BB444444444444444444444A /* MemoryCleanupView.swift in Sources */ = {isa = PBXBuildFile; fileRef = BB444444444444444444444B /* MemoryCleanupView.swift */; };
		BB555555555555555555555A /* BrowserTabsView.swift in Sources */ = {isa = PBXBuildFile; fileRef = BB555555555555555555555B /* BrowserTabsView.swift */; };
		BB666666666666666666666A /* SettingsPermissionsView.swift in Sources */ = {isa = PBXBuildFile; fileRef = BB666666666666666666666B /* SettingsPermissionsView.swift */; };
		BB777777777777777777777A /* MenuBarContentView.swift in Sources */ = {isa = PBXBuildFile; fileRef = BB777777777777777777777B /* MenuBarContentView.swift */; };
/* End PBXBuildFile section */

/* Begin PBXFileReference section */
		23FD6D8224281B502229F05E /* SystemCPUMonitorView.swift */ = {isa = PBXFileReference; lastKnownFileType = sourcecode.swift; path = SystemCPUMonitorView.swift; sourceTree = "<group>"; };
		3776CD73A28435270067999F /* SystemMemoryManager.swift */ = {isa = PBXFileReference; lastKnownFileType = sourcecode.swift; path = SystemMemoryManager.swift; sourceTree = "<group>"; };
		44536121E1A03039EB5C837E /* Assets.xcassets */ = {isa = PBXFileReference; lastKnownFileType = folder.assetcatalog; path = Assets.xcassets; sourceTree = "<group>"; };
		477BC22033C9D76D94AE2979 /* Info.plist */ = {isa = PBXFileReference; lastKnownFileType = text.plist; path = Info.plist; sourceTree = "<group>"; };
		496C4A64B26A83B21DBF72D2 /* ContentView.swift */ = {isa = PBXFileReference; lastKnownFileType = sourcecode.swift; path = ContentView.swift; sourceTree = "<group>"; };
		561A9E2E0EC0F17E52040D18 /* SettingsView.swift */ = {isa = PBXFileReference; lastKnownFileType = sourcecode.swift; path = SettingsView.swift; sourceTree = "<group>"; };
		6275418776631AC59FE3F4B0 /* MenuBarView.swift */ = {isa = PBXFileReference; lastKnownFileType = sourcecode.swift; path = MenuBarView.swift; sourceTree = "<group>"; };
		68B2DE05F77C4B544BE495A3 /* ProcessDetailsView.swift */ = {isa = PBXFileReference; lastKnownFileType = sourcecode.swift; path = ProcessDetailsView.swift; sourceTree = "<group>"; };
		6A95705D710AB1609EBE0FFA /* Craig-O-Cleaner-logo.png */ = {isa = PBXFileReference; lastKnownFileType = image.png; path = "Craig-O-Cleaner-logo.png"; sourceTree = "<group>"; };
		A2145AF91FEE09DA3360DEF7 /* ProcessManager.swift */ = {isa = PBXFileReference; lastKnownFileType = sourcecode.swift; path = ProcessManager.swift; sourceTree = "<group>"; };
		A963F27F151E1C97ACCFAE4B /* Craig_O_CleanApp.swift */ = {isa = PBXFileReference; lastKnownFileType = sourcecode.swift; path = Craig_O_CleanApp.swift; sourceTree = "<group>"; };
		C353CAB9F69732F92380EEC5 /* LaunchAtLoginManager.swift */ = {isa = PBXFileReference; lastKnownFileType = sourcecode.swift; path = LaunchAtLoginManager.swift; sourceTree = "<group>"; };
		F6E10BBC32BAE5E056982A8B /* Craig-O-Clean.entitlements */ = {isa = PBXFileReference; lastKnownFileType = text.plist.entitlements; path = "Craig-O-Clean.entitlements"; sourceTree = "<group>"; };
		FB5748E37851D981C3F01925 /* Craig-O-Clean.app */ = {isa = PBXFileReference; explicitFileType = wrapper.application; includeInIndex = 0; path = "Craig-O-Clean.app"; sourceTree = BUILT_PRODUCTS_DIR; };
		/* New Core Services */
		AA111111111111111111111B /* SystemMetricsService.swift */ = {isa = PBXFileReference; lastKnownFileType = sourcecode.swift; path = SystemMetricsService.swift; sourceTree = "<group>"; };
		AA222222222222222222222B /* BrowserAutomationService.swift */ = {isa = PBXFileReference; lastKnownFileType = sourcecode.swift; path = BrowserAutomationService.swift; sourceTree = "<group>"; };
		AA333333333333333333333B /* MemoryOptimizerService.swift */ = {isa = PBXFileReference; lastKnownFileType = sourcecode.swift; path = MemoryOptimizerService.swift; sourceTree = "<group>"; };
		AA444444444444444444444B /* PermissionsService.swift */ = {isa = PBXFileReference; lastKnownFileType = sourcecode.swift; path = PermissionsService.swift; sourceTree = "<group>"; };
		/* New UI Views */
		BB111111111111111111111B /* MainAppView.swift */ = {isa = PBXFileReference; lastKnownFileType = sourcecode.swift; path = MainAppView.swift; sourceTree = "<group>"; };
		BB222222222222222222222B /* DashboardView.swift */ = {isa = PBXFileReference; lastKnownFileType = sourcecode.swift; path = DashboardView.swift; sourceTree = "<group>"; };
		BB333333333333333333333B /* ProcessManagerView.swift */ = {isa = PBXFileReference; lastKnownFileType = sourcecode.swift; path = ProcessManagerView.swift; sourceTree = "<group>"; };
		BB444444444444444444444B /* MemoryCleanupView.swift */ = {isa = PBXFileReference; lastKnownFileType = sourcecode.swift; path = MemoryCleanupView.swift; sourceTree = "<group>"; };
		BB555555555555555555555B /* BrowserTabsView.swift */ = {isa = PBXFileReference; lastKnownFileType = sourcecode.swift; path = BrowserTabsView.swift; sourceTree = "<group>"; };
		BB666666666666666666666B /* SettingsPermissionsView.swift */ = {isa = PBXFileReference; lastKnownFileType = sourcecode.swift; path = SettingsPermissionsView.swift; sourceTree = "<group>"; };
		BB777777777777777777777B /* MenuBarContentView.swift */ = {isa = PBXFileReference; lastKnownFileType = sourcecode.swift; path = MenuBarContentView.swift; sourceTree = "<group>"; };
/* End PBXFileReference section */

/* Begin PBXGroup section */
		493A27514B97910FE382BF8B = {
			isa = PBXGroup;
			children = (
				AAA8B2312C2FDE28DD3FAF8F /* Craig-O-Clean */,
				E593D80C629AC472168D6BBF /* Products */,
			);
			sourceTree = "<group>";
		};
		AAA8B2312C2FDE28DD3FAF8F /* Craig-O-Clean */ = {
			isa = PBXGroup;
			children = (
				CC111111111111111111111C /* Core */,
				CC222222222222222222222C /* UI */,
				44536121E1A03039EB5C837E /* Assets.xcassets */,
				496C4A64B26A83B21DBF72D2 /* ContentView.swift */,
				A963F27F151E1C97ACCFAE4B /* Craig_O_CleanApp.swift */,
				F6E10BBC32BAE5E056982A8B /* Craig-O-Clean.entitlements */,
				6A95705D710AB1609EBE0FFA /* Craig-O-Cleaner-logo.png */,
				477BC22033C9D76D94AE2979 /* Info.plist */,
				C353CAB9F69732F92380EEC5 /* LaunchAtLoginManager.swift */,
				6275418776631AC59FE3F4B0 /* MenuBarView.swift */,
				68B2DE05F77C4B544BE495A3 /* ProcessDetailsView.swift */,
				A2145AF91FEE09DA3360DEF7 /* ProcessManager.swift */,
				561A9E2E0EC0F17E52040D18 /* SettingsView.swift */,
				23FD6D8224281B502229F05E /* SystemCPUMonitorView.swift */,
				3776CD73A28435270067999F /* SystemMemoryManager.swift */,
			);
			path = "Craig-O-Clean";
			sourceTree = "<group>";
		};
		CC111111111111111111111C /* Core */ = {
			isa = PBXGroup;
			children = (
				AA111111111111111111111B /* SystemMetricsService.swift */,
				AA222222222222222222222B /* BrowserAutomationService.swift */,
				AA333333333333333333333B /* MemoryOptimizerService.swift */,
				AA444444444444444444444B /* PermissionsService.swift */,
			);
			path = Core;
			sourceTree = "<group>";
		};
		CC222222222222222222222C /* UI */ = {
			isa = PBXGroup;
			children = (
				BB111111111111111111111B /* MainAppView.swift */,
				BB222222222222222222222B /* DashboardView.swift */,
				BB333333333333333333333B /* ProcessManagerView.swift */,
				BB444444444444444444444B /* MemoryCleanupView.swift */,
				BB555555555555555555555B /* BrowserTabsView.swift */,
				BB666666666666666666666B /* SettingsPermissionsView.swift */,
				BB777777777777777777777B /* MenuBarContentView.swift */,
			);
			path = UI;
			sourceTree = "<group>";
		};
		E593D80C629AC472168D6BBF /* Products */ = {
			isa = PBXGroup;
			children = (
				FB5748E37851D981C3F01925 /* Craig-O-Clean.app */,
			);
			name = Products;
			sourceTree = "<group>";
		};
/* End PBXGroup section */

/* Begin PBXNativeTarget section */
		0415B46CA7B47AC35FB319C5 /* Craig-O-Clean */ = {
			isa = PBXNativeTarget;
			buildConfigurationList = A6A6F5E4FB95D014DE78AC2B /* Build configuration list for PBXNativeTarget "Craig-O-Clean" */;
			buildPhases = (
				72E50CC81E7DFE8C4F4A01AD /* Sources */,
				78C35A7BCE647FE143B9633C /* Resources */,
			);
			buildRules = (
			);
			dependencies = (
			);
			name = "Craig-O-Clean";
			packageProductDependencies = (
			);
			productName = "Craig-O-Clean";
			productReference = FB5748E37851D981C3F01925 /* Craig-O-Clean.app */;
			productType = "com.apple.product-type.application";
		};
/* End PBXNativeTarget section */

/* Begin PBXProject section */
		C5DB498AAFA985B2D9AA1345 /* Project object */ = {
			isa = PBXProject;
			attributes = {
				BuildIndependentTargetsInParallel = YES;
				LastUpgradeCheck = 2600;
				TargetAttributes = {
					0415B46CA7B47AC35FB319C5 = {
						ProvisioningStyle = Automatic;
					};
				};
			};
			buildConfigurationList = 0E08C457459C182CC673FED6 /* Build configuration list for PBXProject "Craig-O-Clean" */;
			compatibilityVersion = "Xcode 14.0";
			developmentRegion = en;
			hasScannedForEncodings = 0;
			knownRegions = (
				Base,
				en,
			);
			mainGroup = 493A27514B97910FE382BF8B;
			minimizedProjectReferenceProxies = 1;
			projectDirPath = "";
			projectRoot = "";
			targets = (
				0415B46CA7B47AC35FB319C5 /* Craig-O-Clean */,
			);
		};
/* End PBXProject section */

/* Begin PBXResourcesBuildPhase section */
		78C35A7BCE647FE143B9633C /* Resources */ = {
			isa = PBXResourcesBuildPhase;
			buildActionMask = 2147483647;
			files = (
				F5F21EDE8F69891F6A77AD61 /* Assets.xcassets in Resources */,
				C1CF78B065B69217240721DE /* Craig-O-Cleaner-logo.png in Resources */,
			);
			runOnlyForDeploymentPostprocessing = 0;
		};
/* End PBXResourcesBuildPhase section */

/* Begin PBXSourcesBuildPhase section */
		72E50CC81E7DFE8C4F4A01AD /* Sources */ = {
			isa = PBXSourcesBuildPhase;
			buildActionMask = 2147483647;
			files = (
				4F3C963C04FE8AA89A0AD535 /* ContentView.swift in Sources */,
				886A773C5B7B618EF84E9140 /* Craig_O_CleanApp.swift in Sources */,
				1A683447D137A01FBA2C2231 /* LaunchAtLoginManager.swift in Sources */,
				4448E560834F1714EA0C69D1 /* MenuBarView.swift in Sources */,
				C4715D919A5DBEF825CE493A /* ProcessDetailsView.swift in Sources */,
				C72688306B4BEE5732CCBB8A /* ProcessManager.swift in Sources */,
				6F58AD285DFDAEE78860DD75 /* SettingsView.swift in Sources */,
				2FE223FFC5AB086E1F390837 /* SystemCPUMonitorView.swift in Sources */,
				9A3F893F8F82316375784ED0 /* SystemMemoryManager.swift in Sources */,
				/* New Core Services */
				AA111111111111111111111A /* SystemMetricsService.swift in Sources */,
				AA222222222222222222222A /* BrowserAutomationService.swift in Sources */,
				AA333333333333333333333A /* MemoryOptimizerService.swift in Sources */,
				AA444444444444444444444A /* PermissionsService.swift in Sources */,
				/* New UI Views */
				BB111111111111111111111A /* MainAppView.swift in Sources */,
				BB222222222222222222222A /* DashboardView.swift in Sources */,
				BB333333333333333333333A /* ProcessManagerView.swift in Sources */,
				BB444444444444444444444A /* MemoryCleanupView.swift in Sources */,
				BB555555555555555555555A /* BrowserTabsView.swift in Sources */,
				BB666666666666666666666A /* SettingsPermissionsView.swift in Sources */,
				BB777777777777777777777A /* MenuBarContentView.swift in Sources */,
			);
			runOnlyForDeploymentPostprocessing = 0;
		};
/* End PBXSourcesBuildPhase section */

/* Begin XCBuildConfiguration section */
		3F61628DD91179FB4A686B8D /* Debug */ = {
			isa = XCBuildConfiguration;
			buildSettings = {
				ASSETCATALOG_COMPILER_APPICON_NAME = AppIcon;
				ASSETCATALOG_COMPILER_INCLUDE_ALL_APPICON_ASSETS = YES;
				CODE_SIGN_ENTITLEMENTS = "Craig-O-Clean/Craig-O-Clean.entitlements";
				CODE_SIGN_STYLE = Automatic;
				COMBINE_HIDPI_IMAGES = YES;
				CURRENT_PROJECT_VERSION = 1;
				DEAD_CODE_STRIPPING = YES;
				DEVELOPMENT_ASSET_PATHS = "\"Craig-O-Clean/Preview Content\"";
				ENABLE_APP_SANDBOX = NO;
				ENABLE_HARDENED_RUNTIME = YES;
				ENABLE_PREVIEWS = YES;
				GENERATE_INFOPLIST_FILE = NO;
				INFOPLIST_FILE = "Craig-O-Clean/Info.plist";
				INFOPLIST_KEY_CFBundleDisplayName = "ClearMind Control Center";
				INFOPLIST_KEY_LSApplicationCategoryType = "public.app-category.utilities";
				LD_RUNPATH_SEARCH_PATHS = (
					"$(inherited)",
					"@executable_path/../Frameworks",
				);
				MACOSX_DEPLOYMENT_TARGET = 14.0;
				MARKETING_VERSION = 1.0;
				PRODUCT_BUNDLE_IDENTIFIER = "com.clearmind.controlcenter";
				PRODUCT_NAME = "ClearMind Control Center";
				SDKROOT = macosx;
				SWIFT_EMIT_LOC_STRINGS = YES;
			};
			name = Debug;
		};
		427BF1C35D2DD99BDB8355E7 /* Release */ = {
			isa = XCBuildConfiguration;
			buildSettings = {
				ALWAYS_SEARCH_USER_PATHS = NO;
				ASSETCATALOG_COMPILER_GENERATE_SWIFT_ASSET_SYMBOL_EXTENSIONS = YES;
				CLANG_ANALYZER_NONNULL = YES;
				CLANG_ANALYZER_NUMBER_OBJECT_CONVERSION = YES_AGGRESSIVE;
				CLANG_CXX_LANGUAGE_STANDARD = "gnu++14";
				CLANG_CXX_LIBRARY = "libc++";
				CLANG_ENABLE_MODULES = YES;
				CLANG_ENABLE_OBJC_ARC = YES;
				CLANG_ENABLE_OBJC_WEAK = YES;
				CLANG_WARN_BLOCK_CAPTURE_AUTORELEASING = YES;
				CLANG_WARN_BOOL_CONVERSION = YES;
				CLANG_WARN_COMMA = YES;
				CLANG_WARN_CONSTANT_CONVERSION = YES;
				CLANG_WARN_DEPRECATED_OBJC_IMPLEMENTATIONS = YES;
				CLANG_WARN_DIRECT_OBJC_ISA_USAGE = YES_ERROR;
				CLANG_WARN_DOCUMENTATION_COMMENTS = YES;
				CLANG_WARN_EMPTY_BODY = YES;
				CLANG_WARN_ENUM_CONVERSION = YES;
				CLANG_WARN_INFINITE_RECURSION = YES;
				CLANG_WARN_INT_CONVERSION = YES;
				CLANG_WARN_NON_LITERAL_NULL_CONVERSION = YES;
				CLANG_WARN_OBJC_IMPLICIT_RETAIN_SELF = YES;
				CLANG_WARN_OBJC_LITERAL_CONVERSION = YES;
				CLANG_WARN_OBJC_ROOT_CLASS = YES_ERROR;
				CLANG_WARN_QUOTED_INCLUDE_IN_FRAMEWORK_HEADER = YES;
				CLANG_WARN_RANGE_LOOP_ANALYSIS = YES;
				CLANG_WARN_STRICT_PROTOTYPES = YES;
				CLANG_WARN_SUSPICIOUS_MOVE = YES;
				CLANG_WARN_UNGUARDED_AVAILABILITY = YES_AGGRESSIVE;
				CLANG_WARN_UNREACHABLE_CODE = YES;
				CLANG_WARN__DUPLICATE_METHOD_MATCH = YES;
				COPY_PHASE_STRIP = NO;
				CURRENT_PROJECT_VERSION = 1;
				DEAD_CODE_STRIPPING = YES;
				DEBUG_INFORMATION_FORMAT = "dwarf-with-dsym";
				ENABLE_NS_ASSERTIONS = NO;
				ENABLE_STRICT_OBJC_MSGSEND = YES;
				GCC_C_LANGUAGE_STANDARD = gnu11;
				GCC_NO_COMMON_BLOCKS = YES;
				GCC_WARN_64_TO_32_BIT_CONVERSION = YES;
				GCC_WARN_ABOUT_RETURN_TYPE = YES_ERROR;
				GCC_WARN_UNDECLARED_SELECTOR = YES;
				GCC_WARN_UNINITIALIZED_AUTOS = YES_AGGRESSIVE;
				GCC_WARN_UNUSED_FUNCTION = YES;
				GCC_WARN_UNUSED_VARIABLE = YES;
				MACOSX_DEPLOYMENT_TARGET = 14.0;
				MARKETING_VERSION = 1.0;
				MTL_ENABLE_DEBUG_INFO = NO;
				MTL_FAST_MATH = YES;
				PRODUCT_NAME = "$(TARGET_NAME)";
				SDKROOT = macosx;
				STRING_CATALOG_GENERATE_SYMBOLS = YES;
				SWIFT_COMPILATION_MODE = wholemodule;
				SWIFT_OPTIMIZATION_LEVEL = "-O";
				SWIFT_VERSION = 5.9;
			};
			name = Release;
		};
		7928632BA785CF4C6ABE0FB1 /* Debug */ = {
			isa = XCBuildConfiguration;
			buildSettings = {
				ALWAYS_SEARCH_USER_PATHS = NO;
				ASSETCATALOG_COMPILER_GENERATE_SWIFT_ASSET_SYMBOL_EXTENSIONS = YES;
				CLANG_ANALYZER_NONNULL = YES;
				CLANG_ANALYZER_NUMBER_OBJECT_CONVERSION = YES_AGGRESSIVE;
				CLANG_CXX_LANGUAGE_STANDARD = "gnu++14";
				CLANG_CXX_LIBRARY = "libc++";
				CLANG_ENABLE_MODULES = YES;
				CLANG_ENABLE_OBJC_ARC = YES;
				CLANG_ENABLE_OBJC_WEAK = YES;
				CLANG_WARN_BLOCK_CAPTURE_AUTORELEASING = YES;
				CLANG_WARN_BOOL_CONVERSION = YES;
				CLANG_WARN_COMMA = YES;
				CLANG_WARN_CONSTANT_CONVERSION = YES;
				CLANG_WARN_DEPRECATED_OBJC_IMPLEMENTATIONS = YES;
				CLANG_WARN_DIRECT_OBJC_ISA_USAGE = YES_ERROR;
				CLANG_WARN_DOCUMENTATION_COMMENTS = YES;
				CLANG_WARN_EMPTY_BODY = YES;
				CLANG_WARN_ENUM_CONVERSION = YES;
				CLANG_WARN_INFINITE_RECURSION = YES;
				CLANG_WARN_INT_CONVERSION = YES;
				CLANG_WARN_NON_LITERAL_NULL_CONVERSION = YES;
				CLANG_WARN_OBJC_IMPLICIT_RETAIN_SELF = YES;
				CLANG_WARN_OBJC_LITERAL_CONVERSION = YES;
				CLANG_WARN_OBJC_ROOT_CLASS = YES_ERROR;
				CLANG_WARN_QUOTED_INCLUDE_IN_FRAMEWORK_HEADER = YES;
				CLANG_WARN_RANGE_LOOP_ANALYSIS = YES;
				CLANG_WARN_STRICT_PROTOTYPES = YES;
				CLANG_WARN_SUSPICIOUS_MOVE = YES;
				CLANG_WARN_UNGUARDED_AVAILABILITY = YES_AGGRESSIVE;
				CLANG_WARN_UNREACHABLE_CODE = YES;
				CLANG_WARN__DUPLICATE_METHOD_MATCH = YES;
				COPY_PHASE_STRIP = NO;
				CURRENT_PROJECT_VERSION = 1;
				DEAD_CODE_STRIPPING = YES;
				DEBUG_INFORMATION_FORMAT = dwarf;
				ENABLE_STRICT_OBJC_MSGSEND = YES;
				ENABLE_TESTABILITY = YES;
				GCC_C_LANGUAGE_STANDARD = gnu11;
				GCC_DYNAMIC_NO_PIC = NO;
				GCC_NO_COMMON_BLOCKS = YES;
				GCC_OPTIMIZATION_LEVEL = 0;
				GCC_PREPROCESSOR_DEFINITIONS = (
					"$(inherited)",
					"DEBUG=1",
				);
				GCC_WARN_64_TO_32_BIT_CONVERSION = YES;
				GCC_WARN_ABOUT_RETURN_TYPE = YES_ERROR;
				GCC_WARN_UNDECLARED_SELECTOR = YES;
				GCC_WARN_UNINITIALIZED_AUTOS = YES_AGGRESSIVE;
				GCC_WARN_UNUSED_FUNCTION = YES;
				GCC_WARN_UNUSED_VARIABLE = YES;
				MACOSX_DEPLOYMENT_TARGET = 14.0;
				MARKETING_VERSION = 1.0;
				MTL_ENABLE_DEBUG_INFO = INCLUDE_SOURCE;
				MTL_FAST_MATH = YES;
				ONLY_ACTIVE_ARCH = YES;
				PRODUCT_NAME = "$(TARGET_NAME)";
				SDKROOT = macosx;
				STRING_CATALOG_GENERATE_SYMBOLS = YES;
				SWIFT_ACTIVE_COMPILATION_CONDITIONS = DEBUG;
				SWIFT_OPTIMIZATION_LEVEL = "-Onone";
				SWIFT_VERSION = 5.9;
			};
			name = Debug;
		};
		D2495FE6838FAF7B55549F97 /* Release */ = {
			isa = XCBuildConfiguration;
			buildSettings = {
				ASSETCATALOG_COMPILER_APPICON_NAME = AppIcon;
				ASSETCATALOG_COMPILER_INCLUDE_ALL_APPICON_ASSETS = YES;
				CODE_SIGN_ENTITLEMENTS = "Craig-O-Clean/Craig-O-Clean.entitlements";
				CODE_SIGN_STYLE = Automatic;
				COMBINE_HIDPI_IMAGES = YES;
				CURRENT_PROJECT_VERSION = 1;
				DEAD_CODE_STRIPPING = YES;
				DEVELOPMENT_ASSET_PATHS = "\"Craig-O-Clean/Preview Content\"";
				ENABLE_APP_SANDBOX = NO;
				ENABLE_HARDENED_RUNTIME = YES;
				ENABLE_PREVIEWS = YES;
				GENERATE_INFOPLIST_FILE = NO;
				INFOPLIST_FILE = "Craig-O-Clean/Info.plist";
				INFOPLIST_KEY_CFBundleDisplayName = "ClearMind Control Center";
				INFOPLIST_KEY_LSApplicationCategoryType = "public.app-category.utilities";
				LD_RUNPATH_SEARCH_PATHS = (
					"$(inherited)",
					"@executable_path/../Frameworks",
				);
				MACOSX_DEPLOYMENT_TARGET = 14.0;
				MARKETING_VERSION = 1.0;
				PRODUCT_BUNDLE_IDENTIFIER = "com.clearmind.controlcenter";
				PRODUCT_NAME = "ClearMind Control Center";
				SDKROOT = macosx;
				SWIFT_EMIT_LOC_STRINGS = YES;
			};
			name = Release;
		};
/* End XCBuildConfiguration section */

/* Begin XCConfigurationList section */
		0E08C457459C182CC673FED6 /* Build configuration list for PBXProject "Craig-O-Clean" */ = {
			isa = XCConfigurationList;
			buildConfigurations = (
				7928632BA785CF4C6ABE0FB1 /* Debug */,
				427BF1C35D2DD99BDB8355E7 /* Release */,
			);
			defaultConfigurationIsVisible = 0;
			defaultConfigurationName = Debug;
		};
		A6A6F5E4FB95D014DE78AC2B /* Build configuration list for PBXNativeTarget "Craig-O-Clean" */ = {
			isa = XCConfigurationList;
			buildConfigurations = (
				3F61628DD91179FB4A686B8D /* Debug */,
				D2495FE6838FAF7B55549F97 /* Release */,
			);
			defaultConfigurationIsVisible = 0;
			defaultConfigurationName = Debug;
		};
/* End XCConfigurationList section */
	};
	rootObject = C5DB498AAFA985B2D9AA1345 /* Project object */;
}
